// !$*UTF8*$!
{
	archiveVersion = 1;
	classes = {
	};
	objectVersion = 46;
	objects = {

/* Begin PBXBuildFile section */
		BB135D621BEDEB4300D50236 /* main.m in Sources */ = {isa = PBXBuildFile; fileRef = BB135D611BEDEB4300D50236 /* main.m */; };
		BB135D651BEDEB4300D50236 /* AppDelegate.m in Sources */ = {isa = PBXBuildFile; fileRef = BB135D641BEDEB4300D50236 /* AppDelegate.m */; };
		BB135D681BEDEB4300D50236 /* ViewController.m in Sources */ = {isa = PBXBuildFile; fileRef = BB135D671BEDEB4300D50236 /* ViewController.m */; };
		BB135D6B1BEDEB4300D50236 /* Main.storyboard in Resources */ = {isa = PBXBuildFile; fileRef = BB135D691BEDEB4300D50236 /* Main.storyboard */; };
		BB135D6D1BEDEB4300D50236 /* Assets.xcassets in Resources */ = {isa = PBXBuildFile; fileRef = BB135D6C1BEDEB4300D50236 /* Assets.xcassets */; };
		BB135D701BEDEB4300D50236 /* LaunchScreen.storyboard in Resources */ = {isa = PBXBuildFile; fileRef = BB135D6E1BEDEB4300D50236 /* LaunchScreen.storyboard */; };
		BB135D7B1BEDEB4300D50236 /* WordRecognitionTests.m in Sources */ = {isa = PBXBuildFile; fileRef = BB135D7A1BEDEB4300D50236 /* WordRecognitionTests.m */; };
		BB135D861BEDEB4300D50236 /* WordRecognitionUITests.m in Sources */ = {isa = PBXBuildFile; fileRef = BB135D851BEDEB4300D50236 /* WordRecognitionUITests.m */; };
		BB135D941BEDEB6800D50236 /* opencv2.framework in Frameworks */ = {isa = PBXBuildFile; fileRef = BB135D931BEDEB6800D50236 /* opencv2.framework */; };
		BB135D971BEDEB7D00D50236 /* AssetsLibrary.framework in Frameworks */ = {isa = PBXBuildFile; fileRef = BB135D961BEDEB7D00D50236 /* AssetsLibrary.framework */; };
		BB135DA91BEDEBC300D50236 /* Auth.m in Sources */ = {isa = PBXBuildFile; fileRef = BB135D9C1BEDEBC300D50236 /* Auth.m */; };
		BB135DAA1BEDEBC300D50236 /* NSData+Base64.m in Sources */ = {isa = PBXBuildFile; fileRef = BB135D9E1BEDEBC300D50236 /* NSData+Base64.m */; };
		BB135DAB1BEDEBC300D50236 /* TXQcloudFrSDK.m in Sources */ = {isa = PBXBuildFile; fileRef = BB135DA01BEDEBC300D50236 /* TXQcloudFrSDK.m */; };
		BB135DAC1BEDEBC300D50236 /* YTConfig.m in Sources */ = {isa = PBXBuildFile; fileRef = BB135DA21BEDEBC300D50236 /* YTConfig.m */; };
		BB135DAD1BEDEBC300D50236 /* YTOperations.m in Sources */ = {isa = PBXBuildFile; fileRef = BB135DA51BEDEBC300D50236 /* YTOperations.m */; };
		BB135DAE1BEDEBC300D50236 /* YTTagModel.m in Sources */ = {isa = PBXBuildFile; fileRef = BB135DA81BEDEBC300D50236 /* YTTagModel.m */; };
		BB135DB21BEDEBFB00D50236 /* PickImageViewController.m in Sources */ = {isa = PBXBuildFile; fileRef = BB135DB11BEDEBFB00D50236 /* PickImageViewController.m */; };
		BB135DB61BEDEC2900D50236 /* UIImage+OpenCV.mm in Sources */ = {isa = PBXBuildFile; fileRef = BB135DB51BEDEC2900D50236 /* UIImage+OpenCV.mm */; };
/* End PBXBuildFile section */

/* Begin PBXContainerItemProxy section */
		BB135D771BEDEB4300D50236 /* PBXContainerItemProxy */ = {
			isa = PBXContainerItemProxy;
			containerPortal = BB135D551BEDEB4300D50236 /* Project object */;
			proxyType = 1;
			remoteGlobalIDString = BB135D5C1BEDEB4300D50236;
			remoteInfo = WordRecognition;
		};
		BB135D821BEDEB4300D50236 /* PBXContainerItemProxy */ = {
			isa = PBXContainerItemProxy;
			containerPortal = BB135D551BEDEB4300D50236 /* Project object */;
			proxyType = 1;
			remoteGlobalIDString = BB135D5C1BEDEB4300D50236;
			remoteInfo = WordRecognition;
		};
/* End PBXContainerItemProxy section */

/* Begin PBXFileReference section */
		BB135D5D1BEDEB4300D50236 /* WordRecognition.app */ = {isa = PBXFileReference; explicitFileType = wrapper.application; includeInIndex = 0; path = WordRecognition.app; sourceTree = BUILT_PRODUCTS_DIR; };
		BB135D611BEDEB4300D50236 /* main.m */ = {isa = PBXFileReference; lastKnownFileType = sourcecode.c.objc; path = main.m; sourceTree = "<group>"; };
		BB135D631BEDEB4300D50236 /* AppDelegate.h */ = {isa = PBXFileReference; lastKnownFileType = sourcecode.c.h; path = AppDelegate.h; sourceTree = "<group>"; };
		BB135D641BEDEB4300D50236 /* AppDelegate.m */ = {isa = PBXFileReference; lastKnownFileType = sourcecode.c.objc; path = AppDelegate.m; sourceTree = "<group>"; };
		BB135D661BEDEB4300D50236 /* ViewController.h */ = {isa = PBXFileReference; lastKnownFileType = sourcecode.c.h; path = ViewController.h; sourceTree = "<group>"; };
		BB135D671BEDEB4300D50236 /* ViewController.m */ = {isa = PBXFileReference; lastKnownFileType = sourcecode.c.objc; path = ViewController.m; sourceTree = "<group>"; };
		BB135D6A1BEDEB4300D50236 /* Base */ = {isa = PBXFileReference; lastKnownFileType = file.storyboard; name = Base; path = Base.lproj/Main.storyboard; sourceTree = "<group>"; };
		BB135D6C1BEDEB4300D50236 /* Assets.xcassets */ = {isa = PBXFileReference; lastKnownFileType = folder.assetcatalog; path = Assets.xcassets; sourceTree = "<group>"; };
		BB135D6F1BEDEB4300D50236 /* Base */ = {isa = PBXFileReference; lastKnownFileType = file.storyboard; name = Base; path = Base.lproj/LaunchScreen.storyboard; sourceTree = "<group>"; };
		BB135D711BEDEB4300D50236 /* Info.plist */ = {isa = PBXFileReference; lastKnownFileType = text.plist.xml; path = Info.plist; sourceTree = "<group>"; };
		BB135D761BEDEB4300D50236 /* WordRecognitionTests.xctest */ = {isa = PBXFileReference; explicitFileType = wrapper.cfbundle; includeInIndex = 0; path = WordRecognitionTests.xctest; sourceTree = BUILT_PRODUCTS_DIR; };
		BB135D7A1BEDEB4300D50236 /* WordRecognitionTests.m */ = {isa = PBXFileReference; lastKnownFileType = sourcecode.c.objc; path = WordRecognitionTests.m; sourceTree = "<group>"; };
		BB135D7C1BEDEB4300D50236 /* Info.plist */ = {isa = PBXFileReference; lastKnownFileType = text.plist.xml; path = Info.plist; sourceTree = "<group>"; };
		BB135D811BEDEB4300D50236 /* WordRecognitionUITests.xctest */ = {isa = PBXFileReference; explicitFileType = wrapper.cfbundle; includeInIndex = 0; path = WordRecognitionUITests.xctest; sourceTree = BUILT_PRODUCTS_DIR; };
		BB135D851BEDEB4300D50236 /* WordRecognitionUITests.m */ = {isa = PBXFileReference; lastKnownFileType = sourcecode.c.objc; path = WordRecognitionUITests.m; sourceTree = "<group>"; };
		BB135D871BEDEB4300D50236 /* Info.plist */ = {isa = PBXFileReference; lastKnownFileType = text.plist.xml; path = Info.plist; sourceTree = "<group>"; };
		BB135D931BEDEB6800D50236 /* opencv2.framework */ = {isa = PBXFileReference; lastKnownFileType = wrapper.framework; path = opencv2.framework; sourceTree = "<group>"; };
		BB135D961BEDEB7D00D50236 /* AssetsLibrary.framework */ = {isa = PBXFileReference; lastKnownFileType = wrapper.framework; name = AssetsLibrary.framework; path = System/Library/Frameworks/AssetsLibrary.framework; sourceTree = SDKROOT; };
		BB135D991BEDEB9900D50236 /* WordRecognition-Prefix.pch */ = {isa = PBXFileReference; lastKnownFileType = sourcecode.c.h; path = "WordRecognition-Prefix.pch"; sourceTree = "<group>"; };
		BB135D9B1BEDEBC300D50236 /* Auth.h */ = {isa = PBXFileReference; fileEncoding = 4; lastKnownFileType = sourcecode.c.h; path = Auth.h; sourceTree = "<group>"; };
		BB135D9C1BEDEBC300D50236 /* Auth.m */ = {isa = PBXFileReference; fileEncoding = 4; lastKnownFileType = sourcecode.c.objc; path = Auth.m; sourceTree = "<group>"; };
		BB135D9D1BEDEBC300D50236 /* NSData+Base64.h */ = {isa = PBXFileReference; fileEncoding = 4; lastKnownFileType = sourcecode.c.h; path = "NSData+Base64.h"; sourceTree = "<group>"; };
		BB135D9E1BEDEBC300D50236 /* NSData+Base64.m */ = {isa = PBXFileReference; fileEncoding = 4; lastKnownFileType = sourcecode.c.objc; path = "NSData+Base64.m"; sourceTree = "<group>"; };
		BB135D9F1BEDEBC300D50236 /* TXQcloudFrSDK.h */ = {isa = PBXFileReference; fileEncoding = 4; lastKnownFileType = sourcecode.c.h; path = TXQcloudFrSDK.h; sourceTree = "<group>"; };
		BB135DA01BEDEBC300D50236 /* TXQcloudFrSDK.m */ = {isa = PBXFileReference; fileEncoding = 4; lastKnownFileType = sourcecode.c.objc; path = TXQcloudFrSDK.m; sourceTree = "<group>"; };
		BB135DA11BEDEBC300D50236 /* YTConfig.h */ = {isa = PBXFileReference; fileEncoding = 4; lastKnownFileType = sourcecode.c.h; path = YTConfig.h; sourceTree = "<group>"; };
		BB135DA21BEDEBC300D50236 /* YTConfig.m */ = {isa = PBXFileReference; fileEncoding = 4; lastKnownFileType = sourcecode.c.objc; path = YTConfig.m; sourceTree = "<group>"; };
		BB135DA41BEDEBC300D50236 /* YTOperations.h */ = {isa = PBXFileReference; fileEncoding = 4; lastKnownFileType = sourcecode.c.h; path = YTOperations.h; sourceTree = "<group>"; };
		BB135DA51BEDEBC300D50236 /* YTOperations.m */ = {isa = PBXFileReference; fileEncoding = 4; lastKnownFileType = sourcecode.c.objc; path = YTOperations.m; sourceTree = "<group>"; };
		BB135DA61BEDEBC300D50236 /* YTResponseKeys.h */ = {isa = PBXFileReference; fileEncoding = 4; lastKnownFileType = sourcecode.c.h; path = YTResponseKeys.h; sourceTree = "<group>"; };
		BB135DA71BEDEBC300D50236 /* YTTagModel.h */ = {isa = PBXFileReference; fileEncoding = 4; lastKnownFileType = sourcecode.c.h; path = YTTagModel.h; sourceTree = "<group>"; };
		BB135DA81BEDEBC300D50236 /* YTTagModel.m */ = {isa = PBXFileReference; fileEncoding = 4; lastKnownFileType = sourcecode.c.objc; path = YTTagModel.m; sourceTree = "<group>"; };
		BB135DB01BEDEBFB00D50236 /* PickImageViewController.h */ = {isa = PBXFileReference; fileEncoding = 4; lastKnownFileType = sourcecode.c.h; path = PickImageViewController.h; sourceTree = "<group>"; };
		BB135DB11BEDEBFB00D50236 /* PickImageViewController.m */ = {isa = PBXFileReference; fileEncoding = 4; lastKnownFileType = sourcecode.c.objc; path = PickImageViewController.m; sourceTree = "<group>"; };
		BB135DB41BEDEC2900D50236 /* UIImage+OpenCV.h */ = {isa = PBXFileReference; fileEncoding = 4; lastKnownFileType = sourcecode.c.h; path = "UIImage+OpenCV.h"; sourceTree = "<group>"; };
		BB135DB51BEDEC2900D50236 /* UIImage+OpenCV.mm */ = {isa = PBXFileReference; fileEncoding = 4; lastKnownFileType = sourcecode.cpp.objcpp; path = "UIImage+OpenCV.mm"; sourceTree = "<group>"; };
/* End PBXFileReference section */

/* Begin PBXFrameworksBuildPhase section */
		BB135D5A1BEDEB4300D50236 /* Frameworks */ = {
			isa = PBXFrameworksBuildPhase;
			buildActionMask = 2147483647;
			files = (
				BB135D971BEDEB7D00D50236 /* AssetsLibrary.framework in Frameworks */,
				BB135D941BEDEB6800D50236 /* opencv2.framework in Frameworks */,
			);
			runOnlyForDeploymentPostprocessing = 0;
		};
		BB135D731BEDEB4300D50236 /* Frameworks */ = {
			isa = PBXFrameworksBuildPhase;
			buildActionMask = 2147483647;
			files = (
			);
			runOnlyForDeploymentPostprocessing = 0;
		};
		BB135D7E1BEDEB4300D50236 /* Frameworks */ = {
			isa = PBXFrameworksBuildPhase;
			buildActionMask = 2147483647;
			files = (
			);
			runOnlyForDeploymentPostprocessing = 0;
		};
/* End PBXFrameworksBuildPhase section */

/* Begin PBXGroup section */
		BB135D541BEDEB4300D50236 = {
			isa = PBXGroup;
			children = (
				BB135D951BEDEB6C00D50236 /* Frameworks */,
				BB135D5F1BEDEB4300D50236 /* WordRecognition */,
				BB135D791BEDEB4300D50236 /* WordRecognitionTests */,
				BB135D841BEDEB4300D50236 /* WordRecognitionUITests */,
				BB135D5E1BEDEB4300D50236 /* Products */,
			);
			sourceTree = "<group>";
		};
		BB135D5E1BEDEB4300D50236 /* Products */ = {
			isa = PBXGroup;
			children = (
				BB135D5D1BEDEB4300D50236 /* WordRecognition.app */,
				BB135D761BEDEB4300D50236 /* WordRecognitionTests.xctest */,
				BB135D811BEDEB4300D50236 /* WordRecognitionUITests.xctest */,
			);
			name = Products;
			sourceTree = "<group>";
		};
		BB135D5F1BEDEB4300D50236 /* WordRecognition */ = {
			isa = PBXGroup;
			children = (
				BB135DB31BEDEC1000D50236 /* Categories */,
				BB135DAF1BEDEBD500D50236 /* BaseClasses */,
				BB135D9A1BEDEBC300D50236 /* Youtu */,
				BB135DA31BEDEBC300D50236 /* YoutuExtensions */,
				BB135D631BEDEB4300D50236 /* AppDelegate.h */,
				BB135D641BEDEB4300D50236 /* AppDelegate.m */,
				BB135D661BEDEB4300D50236 /* ViewController.h */,
				BB135D671BEDEB4300D50236 /* ViewController.m */,
				BB135D691BEDEB4300D50236 /* Main.storyboard */,
				BB135D6C1BEDEB4300D50236 /* Assets.xcassets */,
				BB135D6E1BEDEB4300D50236 /* LaunchScreen.storyboard */,
				BB135D711BEDEB4300D50236 /* Info.plist */,
				BB135D991BEDEB9900D50236 /* WordRecognition-Prefix.pch */,
				BB135D601BEDEB4300D50236 /* Supporting Files */,
			);
			path = WordRecognition;
			sourceTree = "<group>";
		};
		BB135D601BEDEB4300D50236 /* Supporting Files */ = {
			isa = PBXGroup;
			children = (
				BB135D611BEDEB4300D50236 /* main.m */,
			);
			name = "Supporting Files";
			sourceTree = "<group>";
		};
		BB135D791BEDEB4300D50236 /* WordRecognitionTests */ = {
			isa = PBXGroup;
			children = (
				BB135D7A1BEDEB4300D50236 /* WordRecognitionTests.m */,
				BB135D7C1BEDEB4300D50236 /* Info.plist */,
			);
			path = WordRecognitionTests;
			sourceTree = "<group>";
		};
		BB135D841BEDEB4300D50236 /* WordRecognitionUITests */ = {
			isa = PBXGroup;
			children = (
				BB135D851BEDEB4300D50236 /* WordRecognitionUITests.m */,
				BB135D871BEDEB4300D50236 /* Info.plist */,
			);
			path = WordRecognitionUITests;
			sourceTree = "<group>";
		};
		BB135D951BEDEB6C00D50236 /* Frameworks */ = {
			isa = PBXGroup;
			children = (
				BB135D961BEDEB7D00D50236 /* AssetsLibrary.framework */,
				BB135D931BEDEB6800D50236 /* opencv2.framework */,
			);
			name = Frameworks;
			sourceTree = "<group>";
		};
		BB135D9A1BEDEBC300D50236 /* Youtu */ = {
			isa = PBXGroup;
			children = (
				BB135D9B1BEDEBC300D50236 /* Auth.h */,
				BB135D9C1BEDEBC300D50236 /* Auth.m */,
				BB135D9D1BEDEBC300D50236 /* NSData+Base64.h */,
				BB135D9E1BEDEBC300D50236 /* NSData+Base64.m */,
				BB135D9F1BEDEBC300D50236 /* TXQcloudFrSDK.h */,
				BB135DA01BEDEBC300D50236 /* TXQcloudFrSDK.m */,
				BB135DA11BEDEBC300D50236 /* YTConfig.h */,
				BB135DA21BEDEBC300D50236 /* YTConfig.m */,
			);
			path = Youtu;
			sourceTree = "<group>";
		};
		BB135DA31BEDEBC300D50236 /* YoutuExtensions */ = {
			isa = PBXGroup;
			children = (
				BB135DA41BEDEBC300D50236 /* YTOperations.h */,
				BB135DA51BEDEBC300D50236 /* YTOperations.m */,
				BB135DA61BEDEBC300D50236 /* YTResponseKeys.h */,
				BB135DA71BEDEBC300D50236 /* YTTagModel.h */,
				BB135DA81BEDEBC300D50236 /* YTTagModel.m */,
			);
			path = YoutuExtensions;
			sourceTree = "<group>";
		};
		BB135DAF1BEDEBD500D50236 /* BaseClasses */ = {
			isa = PBXGroup;
			children = (
				BB135DB01BEDEBFB00D50236 /* PickImageViewController.h */,
				BB135DB11BEDEBFB00D50236 /* PickImageViewController.m */,
			);
			path = BaseClasses;
			sourceTree = "<group>";
		};
		BB135DB31BEDEC1000D50236 /* Categories */ = {
			isa = PBXGroup;
			children = (
				BB135DB41BEDEC2900D50236 /* UIImage+OpenCV.h */,
				BB135DB51BEDEC2900D50236 /* UIImage+OpenCV.mm */,
			);
			path = Categories;
			sourceTree = "<group>";
		};
/* End PBXGroup section */

/* Begin PBXNativeTarget section */
		BB135D5C1BEDEB4300D50236 /* WordRecognition */ = {
			isa = PBXNativeTarget;
			buildConfigurationList = BB135D8A1BEDEB4300D50236 /* Build configuration list for PBXNativeTarget "WordRecognition" */;
			buildPhases = (
				BB135D591BEDEB4300D50236 /* Sources */,
				BB135D5A1BEDEB4300D50236 /* Frameworks */,
				BB135D5B1BEDEB4300D50236 /* Resources */,
			);
			buildRules = (
			);
			dependencies = (
			);
			name = WordRecognition;
			productName = WordRecognition;
			productReference = BB135D5D1BEDEB4300D50236 /* WordRecognition.app */;
			productType = "com.apple.product-type.application";
		};
		BB135D751BEDEB4300D50236 /* WordRecognitionTests */ = {
			isa = PBXNativeTarget;
			buildConfigurationList = BB135D8D1BEDEB4300D50236 /* Build configuration list for PBXNativeTarget "WordRecognitionTests" */;
			buildPhases = (
				BB135D721BEDEB4300D50236 /* Sources */,
				BB135D731BEDEB4300D50236 /* Frameworks */,
				BB135D741BEDEB4300D50236 /* Resources */,
			);
			buildRules = (
			);
			dependencies = (
				BB135D781BEDEB4300D50236 /* PBXTargetDependency */,
			);
			name = WordRecognitionTests;
			productName = WordRecognitionTests;
			productReference = BB135D761BEDEB4300D50236 /* WordRecognitionTests.xctest */;
			productType = "com.apple.product-type.bundle.unit-test";
		};
		BB135D801BEDEB4300D50236 /* WordRecognitionUITests */ = {
			isa = PBXNativeTarget;
			buildConfigurationList = BB135D901BEDEB4300D50236 /* Build configuration list for PBXNativeTarget "WordRecognitionUITests" */;
			buildPhases = (
				BB135D7D1BEDEB4300D50236 /* Sources */,
				BB135D7E1BEDEB4300D50236 /* Frameworks */,
				BB135D7F1BEDEB4300D50236 /* Resources */,
			);
			buildRules = (
			);
			dependencies = (
				BB135D831BEDEB4300D50236 /* PBXTargetDependency */,
			);
			name = WordRecognitionUITests;
			productName = WordRecognitionUITests;
			productReference = BB135D811BEDEB4300D50236 /* WordRecognitionUITests.xctest */;
			productType = "com.apple.product-type.bundle.ui-testing";
		};
/* End PBXNativeTarget section */

/* Begin PBXProject section */
		BB135D551BEDEB4300D50236 /* Project object */ = {
			isa = PBXProject;
			attributes = {
				LastUpgradeCheck = 0710;
				ORGANIZATIONNAME = "陈颖鹏";
				TargetAttributes = {
					BB135D5C1BEDEB4300D50236 = {
						CreatedOnToolsVersion = 7.1;
					};
					BB135D751BEDEB4300D50236 = {
						CreatedOnToolsVersion = 7.1;
						TestTargetID = BB135D5C1BEDEB4300D50236;
					};
					BB135D801BEDEB4300D50236 = {
						CreatedOnToolsVersion = 7.1;
						TestTargetID = BB135D5C1BEDEB4300D50236;
					};
				};
			};
			buildConfigurationList = BB135D581BEDEB4300D50236 /* Build configuration list for PBXProject "WordRecognition" */;
			compatibilityVersion = "Xcode 3.2";
			developmentRegion = English;
			hasScannedForEncodings = 0;
			knownRegions = (
				en,
				Base,
			);
			mainGroup = BB135D541BEDEB4300D50236;
			productRefGroup = BB135D5E1BEDEB4300D50236 /* Products */;
			projectDirPath = "";
			projectRoot = "";
			targets = (
				BB135D5C1BEDEB4300D50236 /* WordRecognition */,
				BB135D751BEDEB4300D50236 /* WordRecognitionTests */,
				BB135D801BEDEB4300D50236 /* WordRecognitionUITests */,
			);
		};
/* End PBXProject section */

/* Begin PBXResourcesBuildPhase section */
		BB135D5B1BEDEB4300D50236 /* Resources */ = {
			isa = PBXResourcesBuildPhase;
			buildActionMask = 2147483647;
			files = (
				BB135D701BEDEB4300D50236 /* LaunchScreen.storyboard in Resources */,
				BB135D6D1BEDEB4300D50236 /* Assets.xcassets in Resources */,
				BB135D6B1BEDEB4300D50236 /* Main.storyboard in Resources */,
			);
			runOnlyForDeploymentPostprocessing = 0;
		};
		BB135D741BEDEB4300D50236 /* Resources */ = {
			isa = PBXResourcesBuildPhase;
			buildActionMask = 2147483647;
			files = (
			);
			runOnlyForDeploymentPostprocessing = 0;
		};
		BB135D7F1BEDEB4300D50236 /* Resources */ = {
			isa = PBXResourcesBuildPhase;
			buildActionMask = 2147483647;
			files = (
			);
			runOnlyForDeploymentPostprocessing = 0;
		};
/* End PBXResourcesBuildPhase section */

/* Begin PBXSourcesBuildPhase section */
		BB135D591BEDEB4300D50236 /* Sources */ = {
			isa = PBXSourcesBuildPhase;
			buildActionMask = 2147483647;
			files = (
				BB135D681BEDEB4300D50236 /* ViewController.m in Sources */,
				BB135D651BEDEB4300D50236 /* AppDelegate.m in Sources */,
				BB135DAD1BEDEBC300D50236 /* YTOperations.m in Sources */,
				BB135DAC1BEDEBC300D50236 /* YTConfig.m in Sources */,
				BB135DAA1BEDEBC300D50236 /* NSData+Base64.m in Sources */,
				BB135DAE1BEDEBC300D50236 /* YTTagModel.m in Sources */,
				BB135D621BEDEB4300D50236 /* main.m in Sources */,
				BB135DAB1BEDEBC300D50236 /* TXQcloudFrSDK.m in Sources */,
				BB135DA91BEDEBC300D50236 /* Auth.m in Sources */,
				BB135DB21BEDEBFB00D50236 /* PickImageViewController.m in Sources */,
				BB135DB61BEDEC2900D50236 /* UIImage+OpenCV.mm in Sources */,
			);
			runOnlyForDeploymentPostprocessing = 0;
		};
		BB135D721BEDEB4300D50236 /* Sources */ = {
			isa = PBXSourcesBuildPhase;
			buildActionMask = 2147483647;
			files = (
				BB135D7B1BEDEB4300D50236 /* WordRecognitionTests.m in Sources */,
			);
			runOnlyForDeploymentPostprocessing = 0;
		};
		BB135D7D1BEDEB4300D50236 /* Sources */ = {
			isa = PBXSourcesBuildPhase;
			buildActionMask = 2147483647;
			files = (
				BB135D861BEDEB4300D50236 /* WordRecognitionUITests.m in Sources */,
			);
			runOnlyForDeploymentPostprocessing = 0;
		};
/* End PBXSourcesBuildPhase section */

/* Begin PBXTargetDependency section */
		BB135D781BEDEB4300D50236 /* PBXTargetDependency */ = {
			isa = PBXTargetDependency;
			target = BB135D5C1BEDEB4300D50236 /* WordRecognition */;
			targetProxy = BB135D771BEDEB4300D50236 /* PBXContainerItemProxy */;
		};
		BB135D831BEDEB4300D50236 /* PBXTargetDependency */ = {
			isa = PBXTargetDependency;
			target = BB135D5C1BEDEB4300D50236 /* WordRecognition */;
			targetProxy = BB135D821BEDEB4300D50236 /* PBXContainerItemProxy */;
		};
/* End PBXTargetDependency section */

/* Begin PBXVariantGroup section */
		BB135D691BEDEB4300D50236 /* Main.storyboard */ = {
			isa = PBXVariantGroup;
			children = (
				BB135D6A1BEDEB4300D50236 /* Base */,
			);
			name = Main.storyboard;
			sourceTree = "<group>";
		};
		BB135D6E1BEDEB4300D50236 /* LaunchScreen.storyboard */ = {
			isa = PBXVariantGroup;
			children = (
				BB135D6F1BEDEB4300D50236 /* Base */,
			);
			name = LaunchScreen.storyboard;
			sourceTree = "<group>";
		};
/* End PBXVariantGroup section */

/* Begin XCBuildConfiguration section */
		BB135D881BEDEB4300D50236 /* Debug */ = {
			isa = XCBuildConfiguration;
			buildSettings = {
				ALWAYS_SEARCH_USER_PATHS = NO;
				CLANG_CXX_LANGUAGE_STANDARD = "gnu++0x";
				CLANG_CXX_LIBRARY = "libc++";
				CLANG_ENABLE_MODULES = YES;
				CLANG_ENABLE_OBJC_ARC = YES;
				CLANG_WARN_BOOL_CONVERSION = YES;
				CLANG_WARN_CONSTANT_CONVERSION = YES;
				CLANG_WARN_DIRECT_OBJC_ISA_USAGE = YES_ERROR;
				CLANG_WARN_EMPTY_BODY = YES;
				CLANG_WARN_ENUM_CONVERSION = YES;
				CLANG_WARN_INT_CONVERSION = YES;
				CLANG_WARN_OBJC_ROOT_CLASS = YES_ERROR;
				CLANG_WARN_UNREACHABLE_CODE = YES;
				CLANG_WARN__DUPLICATE_METHOD_MATCH = YES;
				"CODE_SIGN_IDENTITY[sdk=iphoneos*]" = "iPhone Developer";
				COPY_PHASE_STRIP = NO;
				DEBUG_INFORMATION_FORMAT = dwarf;
				ENABLE_STRICT_OBJC_MSGSEND = YES;
				ENABLE_TESTABILITY = YES;
				GCC_C_LANGUAGE_STANDARD = gnu99;
				GCC_DYNAMIC_NO_PIC = NO;
				GCC_NO_COMMON_BLOCKS = YES;
				GCC_OPTIMIZATION_LEVEL = 0;
				GCC_PREPROCESSOR_DEFINITIONS = (
					"DEBUG=1",
					"$(inherited)",
				);
				GCC_WARN_64_TO_32_BIT_CONVERSION = YES;
				GCC_WARN_ABOUT_RETURN_TYPE = YES_ERROR;
				GCC_WARN_UNDECLARED_SELECTOR = YES;
				GCC_WARN_UNINITIALIZED_AUTOS = YES_AGGRESSIVE;
				GCC_WARN_UNUSED_FUNCTION = YES;
				GCC_WARN_UNUSED_VARIABLE = YES;
				IPHONEOS_DEPLOYMENT_TARGET = 9.1;
				MTL_ENABLE_DEBUG_INFO = YES;
				ONLY_ACTIVE_ARCH = YES;
				SDKROOT = iphoneos;
			};
			name = Debug;
		};
		BB135D891BEDEB4300D50236 /* Release */ = {
			isa = XCBuildConfiguration;
			buildSettings = {
				ALWAYS_SEARCH_USER_PATHS = NO;
				CLANG_CXX_LANGUAGE_STANDARD = "gnu++0x";
				CLANG_CXX_LIBRARY = "libc++";
				CLANG_ENABLE_MODULES = YES;
				CLANG_ENABLE_OBJC_ARC = YES;
				CLANG_WARN_BOOL_CONVERSION = YES;
				CLANG_WARN_CONSTANT_CONVERSION = YES;
				CLANG_WARN_DIRECT_OBJC_ISA_USAGE = YES_ERROR;
				CLANG_WARN_EMPTY_BODY = YES;
				CLANG_WARN_ENUM_CONVERSION = YES;
				CLANG_WARN_INT_CONVERSION = YES;
				CLANG_WARN_OBJC_ROOT_CLASS = YES_ERROR;
				CLANG_WARN_UNREACHABLE_CODE = YES;
				CLANG_WARN__DUPLICATE_METHOD_MATCH = YES;
				"CODE_SIGN_IDENTITY[sdk=iphoneos*]" = "iPhone Developer";
				COPY_PHASE_STRIP = NO;
				DEBUG_INFORMATION_FORMAT = "dwarf-with-dsym";
				ENABLE_NS_ASSERTIONS = NO;
				ENABLE_STRICT_OBJC_MSGSEND = YES;
				GCC_C_LANGUAGE_STANDARD = gnu99;
				GCC_NO_COMMON_BLOCKS = YES;
				GCC_WARN_64_TO_32_BIT_CONVERSION = YES;
				GCC_WARN_ABOUT_RETURN_TYPE = YES_ERROR;
				GCC_WARN_UNDECLARED_SELECTOR = YES;
				GCC_WARN_UNINITIALIZED_AUTOS = YES_AGGRESSIVE;
				GCC_WARN_UNUSED_FUNCTION = YES;
				GCC_WARN_UNUSED_VARIABLE = YES;
				IPHONEOS_DEPLOYMENT_TARGET = 9.1;
				MTL_ENABLE_DEBUG_INFO = NO;
				SDKROOT = iphoneos;
				VALIDATE_PRODUCT = YES;
			};
			name = Release;
		};
		BB135D8B1BEDEB4300D50236 /* Debug */ = {
			isa = XCBuildConfiguration;
			buildSettings = {
				ASSETCATALOG_COMPILER_APPICON_NAME = AppIcon;
				ASSETCATALOG_COMPILER_LAUNCHIMAGE_NAME = "Brand Assets";
				FRAMEWORK_SEARCH_PATHS = (
					"$(inherited)",
					"$(PROJECT_DIR)",
				);
				GCC_PREFIX_HEADER = "WordRecognition/WordRecognition-Prefix.pch";
				INFOPLIST_FILE = WordRecognition/Info.plist;
				IPHONEOS_DEPLOYMENT_TARGET = 8.0;
				LD_RUNPATH_SEARCH_PATHS = "$(inherited) @executable_path/Frameworks";
				PRODUCT_BUNDLE_IDENTIFIER = com.hustunique.WordRecognition;
				PRODUCT_NAME = "$(TARGET_NAME)";
			};
			name = Debug;
		};
		BB135D8C1BEDEB4300D50236 /* Release */ = {
			isa = XCBuildConfiguration;
			buildSettings = {
				ASSETCATALOG_COMPILER_APPICON_NAME = AppIcon;
				ASSETCATALOG_COMPILER_LAUNCHIMAGE_NAME = "Brand Assets";
				FRAMEWORK_SEARCH_PATHS = (
					"$(inherited)",
					"$(PROJECT_DIR)",
				);
				GCC_PREFIX_HEADER = "WordRecognition/WordRecognition-Prefix.pch";
				INFOPLIST_FILE = WordRecognition/Info.plist;
				IPHONEOS_DEPLOYMENT_TARGET = 8.0;
				LD_RUNPATH_SEARCH_PATHS = "$(inherited) @executable_path/Frameworks";
				PRODUCT_BUNDLE_IDENTIFIER = com.hustunique.WordRecognition;
				PRODUCT_NAME = "$(TARGET_NAME)";
			};
			name = Release;
		};
		BB135D8E1BEDEB4300D50236 /* Debug */ = {
			isa = XCBuildConfiguration;
			buildSettings = {
				BUNDLE_LOADER = "$(TEST_HOST)";
				INFOPLIST_FILE = WordRecognitionTests/Info.plist;
				LD_RUNPATH_SEARCH_PATHS = "$(inherited) @executable_path/Frameworks @loader_path/Frameworks";
				PRODUCT_BUNDLE_IDENTIFIER = com.hustunique.WordRecognitionTests;
				PRODUCT_NAME = "$(TARGET_NAME)";
				TEST_HOST = "$(BUILT_PRODUCTS_DIR)/WordRecognition.app/WordRecognition";
			};
			name = Debug;
		};
		BB135D8F1BEDEB4300D50236 /* Release */ = {
			isa = XCBuildConfiguration;
			buildSettings = {
				BUNDLE_LOADER = "$(TEST_HOST)";
				INFOPLIST_FILE = WordRecognitionTests/Info.plist;
				LD_RUNPATH_SEARCH_PATHS = "$(inherited) @executable_path/Frameworks @loader_path/Frameworks";
				PRODUCT_BUNDLE_IDENTIFIER = com.hustunique.WordRecognitionTests;
				PRODUCT_NAME = "$(TARGET_NAME)";
				TEST_HOST = "$(BUILT_PRODUCTS_DIR)/WordRecognition.app/WordRecognition";
			};
			name = Release;
		};
		BB135D911BEDEB4300D50236 /* Debug */ = {
			isa = XCBuildConfiguration;
			buildSettings = {
				INFOPLIST_FILE = WordRecognitionUITests/Info.plist;
				LD_RUNPATH_SEARCH_PATHS = "$(inherited) @executable_path/Frameworks @loader_path/Frameworks";
				PRODUCT_BUNDLE_IDENTIFIER = com.hustunique.WordRecognitionUITests;
				PRODUCT_NAME = "$(TARGET_NAME)";
				TEST_TARGET_NAME = WordRecognition;
				USES_XCTRUNNER = YES;
			};
			name = Debug;
		};
		BB135D921BEDEB4300D50236 /* Release */ = {
			isa = XCBuildConfiguration;
			buildSettings = {
				INFOPLIST_FILE = WordRecognitionUITests/Info.plist;
				LD_RUNPATH_SEARCH_PATHS = "$(inherited) @executable_path/Frameworks @loader_path/Frameworks";
				PRODUCT_BUNDLE_IDENTIFIER = com.hustunique.WordRecognitionUITests;
				PRODUCT_NAME = "$(TARGET_NAME)";
				TEST_TARGET_NAME = WordRecognition;
				USES_XCTRUNNER = YES;
			};
			name = Release;
		};
/* End XCBuildConfiguration section */

/* Begin XCConfigurationList section */
		BB135D581BEDEB4300D50236 /* Build configuration list for PBXProject "WordRecognition" */ = {
			isa = XCConfigurationList;
			buildConfigurations = (
				BB135D881BEDEB4300D50236 /* Debug */,
				BB135D891BEDEB4300D50236 /* Release */,
			);
			defaultConfigurationIsVisible = 0;
			defaultConfigurationName = Release;
		};
		BB135D8A1BEDEB4300D50236 /* Build configuration list for PBXNativeTarget "WordRecognition" */ = {
			isa = XCConfigurationList;
			buildConfigurations = (
				BB135D8B1BEDEB4300D50236 /* Debug */,
				BB135D8C1BEDEB4300D50236 /* Release */,
			);
			defaultConfigurationIsVisible = 0;
		};
		BB135D8D1BEDEB4300D50236 /* Build configuration list for PBXNativeTarget "WordRecognitionTests" */ = {
			isa = XCConfigurationList;
			buildConfigurations = (
				BB135D8E1BEDEB4300D50236 /* Debug */,
				BB135D8F1BEDEB4300D50236 /* Release */,
			);
			defaultConfigurationIsVisible = 0;
		};
		BB135D901BEDEB4300D50236 /* Build configuration list for PBXNativeTarget "WordRecognitionUITests" */ = {
			isa = XCConfigurationList;
			buildConfigurations = (
				BB135D911BEDEB4300D50236 /* Debug */,
				BB135D921BEDEB4300D50236 /* Release */,
			);
			defaultConfigurationIsVisible = 0;
		};
/* End XCConfigurationList section */
	};
	rootObject = BB135D551BEDEB4300D50236 /* Project object */;
}
