// !$*UTF8*$!
{
	archiveVersion = 1;
	classes = {
	};
	objectVersion = 46;
	objects = {

/* Begin PBXBuildFile section */
		BB135D621BEDEB4300D50236 /* main.m in Sources */ = {isa = PBXBuildFile; fileRef = BB135D611BEDEB4300D50236 /* main.m */; };
		BB135D651BEDEB4300D50236 /* AppDelegate.m in Sources */ = {isa = PBXBuildFile; fileRef = BB135D641BEDEB4300D50236 /* AppDelegate.m */; };
		BB135D681BEDEB4300D50236 /* ViewController.m in Sources */ = {isa = PBXBuildFile; fileRef = BB135D671BEDEB4300D50236 /* ViewController.m */; };
		BB135D6B1BEDEB4300D50236 /* Main.storyboard in Resources */ = {isa = PBXBuildFile; fileRef = BB135D691BEDEB4300D50236 /* Main.storyboard */; };
		BB135D6D1BEDEB4300D50236 /* Assets.xcassets in Resources */ = {isa = PBXBuildFile; fileRef = BB135D6C1BEDEB4300D50236 /* Assets.xcassets */; };
		BB135D701BEDEB4300D50236 /* LaunchScreen.storyboard in Resources */ = {isa = PBXBuildFile; fileRef = BB135D6E1BEDEB4300D50236 /* LaunchScreen.storyboard */; };
		BB135D7B1BEDEB4300D50236 /* WordRecognitionTests.m in Sources */ = {isa = PBXBuildFile; fileRef = BB135D7A1BEDEB4300D50236 /* WordRecognitionTests.m */; };
		BB135D861BEDEB4300D50236 /* WordRecognitionUITests.m in Sources */ = {isa = PBXBuildFile; fileRef = BB135D851BEDEB4300D50236 /* WordRecognitionUITests.m */; };
		BB135D941BEDEB6800D50236 /* opencv2.framework in Frameworks */ = {isa = PBXBuildFile; fileRef = BB135D931BEDEB6800D50236 /* opencv2.framework */; };
		BB135D971BEDEB7D00D50236 /* AssetsLibrary.framework in Frameworks */ = {isa = PBXBuildFile; fileRef = BB135D961BEDEB7D00D50236 /* AssetsLibrary.framework */; };
		BB135DA91BEDEBC300D50236 /* Auth.m in Sources */ = {isa = PBXBuildFile; fileRef = BB135D9C1BEDEBC300D50236 /* Auth.m */; };
		BB135DAA1BEDEBC300D50236 /* NSData+Base64.m in Sources */ = {isa = PBXBuildFile; fileRef = BB135D9E1BEDEBC300D50236 /* NSData+Base64.m */; };
		BB135DAB1BEDEBC300D50236 /* TXQcloudFrSDK.m in Sources */ = {isa = PBXBuildFile; fileRef = BB135DA01BEDEBC300D50236 /* TXQcloudFrSDK.m */; };
		BB135DAC1BEDEBC300D50236 /* YTConfig.m in Sources */ = {isa = PBXBuildFile; fileRef = BB135DA21BEDEBC300D50236 /* YTConfig.m */; };
		BB135DAD1BEDEBC300D50236 /* YTOperations.m in Sources */ = {isa = PBXBuildFile; fileRef = BB135DA51BEDEBC300D50236 /* YTOperations.m */; };
		BB135DAE1BEDEBC300D50236 /* YTTagModel.m in Sources */ = {isa = PBXBuildFile; fileRef = BB135DA81BEDEBC300D50236 /* YTTagModel.m */; };
		BB135DB21BEDEBFB00D50236 /* PickImageViewController.m in Sources */ = {isa = PBXBuildFile; fileRef = BB135DB11BEDEBFB00D50236 /* PickImageViewController.m */; };
		BB135DB61BEDEC2900D50236 /* UIImage+OpenCV.mm in Sources */ = {isa = PBXBuildFile; fileRef = BB135DB51BEDEC2900D50236 /* UIImage+OpenCV.mm */; };
		BB135E091BEE276C00D50236 /* BaseViewController.m in Sources */ = {isa = PBXBuildFile; fileRef = BB135E081BEE276C00D50236 /* BaseViewController.m */; };
		BB135E0C1BEE279D00D50236 /* CardViewController.m in Sources */ = {isa = PBXBuildFile; fileRef = BB135E0B1BEE279D00D50236 /* CardViewController.m */; };
		BB524AFA1BEF17700059E120 /* card_res00.jpg in Resources */ = {isa = PBXBuildFile; fileRef = BB524AF31BEF17700059E120 /* card_res00.jpg */; };
		BB524AFB1BEF17700059E120 /* card_res01.jpg in Resources */ = {isa = PBXBuildFile; fileRef = BB524AF41BEF17700059E120 /* card_res01.jpg */; };
		BB524AFC1BEF17700059E120 /* card_res02.jpg in Resources */ = {isa = PBXBuildFile; fileRef = BB524AF51BEF17700059E120 /* card_res02.jpg */; };
		BB524AFD1BEF17700059E120 /* card_res03.jpg in Resources */ = {isa = PBXBuildFile; fileRef = BB524AF61BEF17700059E120 /* card_res03.jpg */; };
		BB524AFE1BEF17700059E120 /* card_res04.jpg in Resources */ = {isa = PBXBuildFile; fileRef = BB524AF71BEF17700059E120 /* card_res04.jpg */; };
		BB524AFF1BEF17700059E120 /* card_res05.jpg in Resources */ = {isa = PBXBuildFile; fileRef = BB524AF81BEF17700059E120 /* card_res05.jpg */; };
		BB524B001BEF17700059E120 /* card_res06.jpg in Resources */ = {isa = PBXBuildFile; fileRef = BB524AF91BEF17700059E120 /* card_res06.jpg */; };
		BB5E85B21BEEC6BC00049AF1 /* LookforView.m in Sources */ = {isa = PBXBuildFile; fileRef = BB5E85B11BEEC6BC00049AF1 /* LookforView.m */; };
		BB5E85B81BEED7F500049AF1 /* enterhome.mp3 in Resources */ = {isa = PBXBuildFile; fileRef = BB5E85B41BEED7F500049AF1 /* enterhome.mp3 */; };
		BB5E85B91BEED7F500049AF1 /* fail.mp3 in Resources */ = {isa = PBXBuildFile; fileRef = BB5E85B51BEED7F500049AF1 /* fail.mp3 */; };
		BB5E85BA1BEED7F500049AF1 /* owngoods.mp3 in Resources */ = {isa = PBXBuildFile; fileRef = BB5E85B61BEED7F500049AF1 /* owngoods.mp3 */; };
		BB5E85BB1BEED7F500049AF1 /* success.mp3 in Resources */ = {isa = PBXBuildFile; fileRef = BB5E85B71BEED7F500049AF1 /* success.mp3 */; };
		BB5E85BE1BEEEFD300049AF1 /* MatchResultScene.m in Sources */ = {isa = PBXBuildFile; fileRef = BB5E85BD1BEEEFD300049AF1 /* MatchResultScene.m */; };
		BB5E85C01BEF023800049AF1 /* AudioToolbox.framework in Frameworks */ = {isa = PBXBuildFile; fileRef = BB5E85BF1BEF023800049AF1 /* AudioToolbox.framework */; };
		BB5E85C21BEF024100049AF1 /* AVFoundation.framework in Frameworks */ = {isa = PBXBuildFile; fileRef = BB5E85C11BEF024100049AF1 /* AVFoundation.framework */; };
		BB5E85C41BEF024D00049AF1 /* SystemConfiguration.framework in Frameworks */ = {isa = PBXBuildFile; fileRef = BB5E85C31BEF024D00049AF1 /* SystemConfiguration.framework */; };
		BB5E85C61BEF025600049AF1 /* Security.framework in Frameworks */ = {isa = PBXBuildFile; fileRef = BB5E85C51BEF025600049AF1 /* Security.framework */; };
		BB5E85C81BEF025C00049AF1 /* CoreTelephony.framework in Frameworks */ = {isa = PBXBuildFile; fileRef = BB5E85C71BEF025C00049AF1 /* CoreTelephony.framework */; };
		BB5E85CA1BEF026A00049AF1 /* CoreLocation.framework in Frameworks */ = {isa = PBXBuildFile; fileRef = BB5E85C91BEF026A00049AF1 /* CoreLocation.framework */; };
		BB5E85CC1BEF027400049AF1 /* OpenGLES.framework in Frameworks */ = {isa = PBXBuildFile; fileRef = BB5E85CB1BEF027400049AF1 /* OpenGLES.framework */; };
		BB5E85CE1BEF027A00049AF1 /* CoreText.framework in Frameworks */ = {isa = PBXBuildFile; fileRef = BB5E85CD1BEF027A00049AF1 /* CoreText.framework */; };
		BBB608D61BEE2E9D00A9B194 /* MASCompositeConstraint.m in Sources */ = {isa = PBXBuildFile; fileRef = BBB608BE1BEE2E9D00A9B194 /* MASCompositeConstraint.m */; };
		BBB608D71BEE2E9D00A9B194 /* MASConstraint.m in Sources */ = {isa = PBXBuildFile; fileRef = BBB608C11BEE2E9D00A9B194 /* MASConstraint.m */; };
		BBB608D81BEE2E9D00A9B194 /* MASConstraintMaker.m in Sources */ = {isa = PBXBuildFile; fileRef = BBB608C31BEE2E9D00A9B194 /* MASConstraintMaker.m */; };
		BBB608D91BEE2E9D00A9B194 /* MASLayoutConstraint.m in Sources */ = {isa = PBXBuildFile; fileRef = BBB608C51BEE2E9D00A9B194 /* MASLayoutConstraint.m */; };
		BBB608DA1BEE2E9D00A9B194 /* MASViewAttribute.m in Sources */ = {isa = PBXBuildFile; fileRef = BBB608C91BEE2E9D00A9B194 /* MASViewAttribute.m */; };
		BBB608DB1BEE2E9D00A9B194 /* MASViewConstraint.m in Sources */ = {isa = PBXBuildFile; fileRef = BBB608CB1BEE2E9D00A9B194 /* MASViewConstraint.m */; };
		BBB608DC1BEE2E9D00A9B194 /* NSArray+MASAdditions.m in Sources */ = {isa = PBXBuildFile; fileRef = BBB608CD1BEE2E9D00A9B194 /* NSArray+MASAdditions.m */; };
		BBB608DD1BEE2E9D00A9B194 /* NSLayoutConstraint+MASDebugAdditions.m in Sources */ = {isa = PBXBuildFile; fileRef = BBB608D01BEE2E9D00A9B194 /* NSLayoutConstraint+MASDebugAdditions.m */; };
		BBB608DE1BEE2E9D00A9B194 /* View+MASAdditions.m in Sources */ = {isa = PBXBuildFile; fileRef = BBB608D21BEE2E9D00A9B194 /* View+MASAdditions.m */; };
		BBB608DF1BEE2E9D00A9B194 /* ViewController+MASAdditions.m in Sources */ = {isa = PBXBuildFile; fileRef = BBB608D51BEE2E9D00A9B194 /* ViewController+MASAdditions.m */; };
		BBB608E41BEE3D7100A9B194 /* UIView+FrameAbout.m in Sources */ = {isa = PBXBuildFile; fileRef = BBB608E31BEE3D7100A9B194 /* UIView+FrameAbout.m */; };
		BBB608E71BEE485300A9B194 /* NSString+Process.m in Sources */ = {isa = PBXBuildFile; fileRef = BBB608E61BEE485300A9B194 /* NSString+Process.m */; };
		BBB608EB1BEE4E3A00A9B194 /* NetworkManager.m in Sources */ = {isa = PBXBuildFile; fileRef = BBB608EA1BEE4E3A00A9B194 /* NetworkManager.m */; };
		BBB608EE1BEE579C00A9B194 /* LookThroughCardViewController.m in Sources */ = {isa = PBXBuildFile; fileRef = BBB608ED1BEE579C00A9B194 /* LookThroughCardViewController.m */; };
		BBB97FA61BEE6FEB00CEBEB9 /* UIImage+Resize.m in Sources */ = {isa = PBXBuildFile; fileRef = BBB97FA51BEE6FEB00CEBEB9 /* UIImage+Resize.m */; };
		BBB97FAA1BEE769800CEBEB9 /* HomeViewController.m in Sources */ = {isa = PBXBuildFile; fileRef = BBB97FA91BEE769800CEBEB9 /* HomeViewController.m */; };
		BBB97FAE1BEE7FBC00CEBEB9 /* EnterViewController.m in Sources */ = {isa = PBXBuildFile; fileRef = BBB97FAD1BEE7FBC00CEBEB9 /* EnterViewController.m */; };
		BBB97FB11BEE871600CEBEB9 /* YQImagePageViewController.m in Sources */ = {isa = PBXBuildFile; fileRef = BBB97FB01BEE871600CEBEB9 /* YQImagePageViewController.m */; };
		BBB97FB41BEE876B00CEBEB9 /* UIView+BGTouchView.m in Sources */ = {isa = PBXBuildFile; fileRef = BBB97FB31BEE876B00CEBEB9 /* UIView+BGTouchView.m */; };
		BBB97FB81BEE881000CEBEB9 /* YQNotificationPoster.m in Sources */ = {isa = PBXBuildFile; fileRef = BBB97FB71BEE881000CEBEB9 /* YQNotificationPoster.m */; };
		BBB97FBA1BEE8A4C00CEBEB9 /* SpriteKit.framework in Frameworks */ = {isa = PBXBuildFile; fileRef = BBB97FB91BEE8A4C00CEBEB9 /* SpriteKit.framework */; };
		BBB97FBD1BEE8A8000CEBEB9 /* HomeScene.m in Sources */ = {isa = PBXBuildFile; fileRef = BBB97FBC1BEE8A8000CEBEB9 /* HomeScene.m */; };
		BBB97FC01BEE912900CEBEB9 /* CardView.m in Sources */ = {isa = PBXBuildFile; fileRef = BBB97FBF1BEE912900CEBEB9 /* CardView.m */; };
/* End PBXBuildFile section */

/* Begin PBXContainerItemProxy section */
		BB135D771BEDEB4300D50236 /* PBXContainerItemProxy */ = {
			isa = PBXContainerItemProxy;
			containerPortal = BB135D551BEDEB4300D50236 /* Project object */;
			proxyType = 1;
			remoteGlobalIDString = BB135D5C1BEDEB4300D50236;
			remoteInfo = WordRecognition;
		};
		BB135D821BEDEB4300D50236 /* PBXContainerItemProxy */ = {
			isa = PBXContainerItemProxy;
			containerPortal = BB135D551BEDEB4300D50236 /* Project object */;
			proxyType = 1;
			remoteGlobalIDString = BB135D5C1BEDEB4300D50236;
			remoteInfo = WordRecognition;
		};
/* End PBXContainerItemProxy section */

/* Begin PBXFileReference section */
		BB135D5D1BEDEB4300D50236 /* WordRecognition.app */ = {isa = PBXFileReference; explicitFileType = wrapper.application; includeInIndex = 0; path = WordRecognition.app; sourceTree = BUILT_PRODUCTS_DIR; };
		BB135D611BEDEB4300D50236 /* main.m */ = {isa = PBXFileReference; lastKnownFileType = sourcecode.c.objc; path = main.m; sourceTree = "<group>"; };
		BB135D631BEDEB4300D50236 /* AppDelegate.h */ = {isa = PBXFileReference; lastKnownFileType = sourcecode.c.h; path = AppDelegate.h; sourceTree = "<group>"; };
		BB135D641BEDEB4300D50236 /* AppDelegate.m */ = {isa = PBXFileReference; lastKnownFileType = sourcecode.c.objc; path = AppDelegate.m; sourceTree = "<group>"; };
		BB135D661BEDEB4300D50236 /* ViewController.h */ = {isa = PBXFileReference; lastKnownFileType = sourcecode.c.h; path = ViewController.h; sourceTree = "<group>"; };
		BB135D671BEDEB4300D50236 /* ViewController.m */ = {isa = PBXFileReference; lastKnownFileType = sourcecode.c.objc; path = ViewController.m; sourceTree = "<group>"; };
		BB135D6A1BEDEB4300D50236 /* Base */ = {isa = PBXFileReference; lastKnownFileType = file.storyboard; name = Base; path = Base.lproj/Main.storyboard; sourceTree = "<group>"; };
		BB135D6C1BEDEB4300D50236 /* Assets.xcassets */ = {isa = PBXFileReference; lastKnownFileType = folder.assetcatalog; path = Assets.xcassets; sourceTree = "<group>"; };
		BB135D6F1BEDEB4300D50236 /* Base */ = {isa = PBXFileReference; lastKnownFileType = file.storyboard; name = Base; path = Base.lproj/LaunchScreen.storyboard; sourceTree = "<group>"; };
		BB135D711BEDEB4300D50236 /* Info.plist */ = {isa = PBXFileReference; lastKnownFileType = text.plist.xml; path = Info.plist; sourceTree = "<group>"; };
		BB135D761BEDEB4300D50236 /* WordRecognitionTests.xctest */ = {isa = PBXFileReference; explicitFileType = wrapper.cfbundle; includeInIndex = 0; path = WordRecognitionTests.xctest; sourceTree = BUILT_PRODUCTS_DIR; };
		BB135D7A1BEDEB4300D50236 /* WordRecognitionTests.m */ = {isa = PBXFileReference; lastKnownFileType = sourcecode.c.objc; path = WordRecognitionTests.m; sourceTree = "<group>"; };
		BB135D7C1BEDEB4300D50236 /* Info.plist */ = {isa = PBXFileReference; lastKnownFileType = text.plist.xml; path = Info.plist; sourceTree = "<group>"; };
		BB135D811BEDEB4300D50236 /* WordRecognitionUITests.xctest */ = {isa = PBXFileReference; explicitFileType = wrapper.cfbundle; includeInIndex = 0; path = WordRecognitionUITests.xctest; sourceTree = BUILT_PRODUCTS_DIR; };
		BB135D851BEDEB4300D50236 /* WordRecognitionUITests.m */ = {isa = PBXFileReference; lastKnownFileType = sourcecode.c.objc; path = WordRecognitionUITests.m; sourceTree = "<group>"; };
		BB135D871BEDEB4300D50236 /* Info.plist */ = {isa = PBXFileReference; lastKnownFileType = text.plist.xml; path = Info.plist; sourceTree = "<group>"; };
		BB135D931BEDEB6800D50236 /* opencv2.framework */ = {isa = PBXFileReference; lastKnownFileType = wrapper.framework; path = opencv2.framework; sourceTree = "<group>"; };
		BB135D961BEDEB7D00D50236 /* AssetsLibrary.framework */ = {isa = PBXFileReference; lastKnownFileType = wrapper.framework; name = AssetsLibrary.framework; path = System/Library/Frameworks/AssetsLibrary.framework; sourceTree = SDKROOT; };
		BB135D991BEDEB9900D50236 /* WordRecognition-Prefix.pch */ = {isa = PBXFileReference; lastKnownFileType = sourcecode.c.h; path = "WordRecognition-Prefix.pch"; sourceTree = "<group>"; };
		BB135D9B1BEDEBC300D50236 /* Auth.h */ = {isa = PBXFileReference; fileEncoding = 4; lastKnownFileType = sourcecode.c.h; path = Auth.h; sourceTree = "<group>"; };
		BB135D9C1BEDEBC300D50236 /* Auth.m */ = {isa = PBXFileReference; fileEncoding = 4; lastKnownFileType = sourcecode.c.objc; path = Auth.m; sourceTree = "<group>"; };
		BB135D9D1BEDEBC300D50236 /* NSData+Base64.h */ = {isa = PBXFileReference; fileEncoding = 4; lastKnownFileType = sourcecode.c.h; path = "NSData+Base64.h"; sourceTree = "<group>"; };
		BB135D9E1BEDEBC300D50236 /* NSData+Base64.m */ = {isa = PBXFileReference; fileEncoding = 4; lastKnownFileType = sourcecode.c.objc; path = "NSData+Base64.m"; sourceTree = "<group>"; };
		BB135D9F1BEDEBC300D50236 /* TXQcloudFrSDK.h */ = {isa = PBXFileReference; fileEncoding = 4; lastKnownFileType = sourcecode.c.h; path = TXQcloudFrSDK.h; sourceTree = "<group>"; };
		BB135DA01BEDEBC300D50236 /* TXQcloudFrSDK.m */ = {isa = PBXFileReference; fileEncoding = 4; lastKnownFileType = sourcecode.c.objc; path = TXQcloudFrSDK.m; sourceTree = "<group>"; };
		BB135DA11BEDEBC300D50236 /* YTConfig.h */ = {isa = PBXFileReference; fileEncoding = 4; lastKnownFileType = sourcecode.c.h; path = YTConfig.h; sourceTree = "<group>"; };
		BB135DA21BEDEBC300D50236 /* YTConfig.m */ = {isa = PBXFileReference; fileEncoding = 4; lastKnownFileType = sourcecode.c.objc; path = YTConfig.m; sourceTree = "<group>"; };
		BB135DA41BEDEBC300D50236 /* YTOperations.h */ = {isa = PBXFileReference; fileEncoding = 4; lastKnownFileType = sourcecode.c.h; path = YTOperations.h; sourceTree = "<group>"; };
		BB135DA51BEDEBC300D50236 /* YTOperations.m */ = {isa = PBXFileReference; fileEncoding = 4; lastKnownFileType = sourcecode.c.objc; path = YTOperations.m; sourceTree = "<group>"; };
		BB135DA61BEDEBC300D50236 /* YTResponseKeys.h */ = {isa = PBXFileReference; fileEncoding = 4; lastKnownFileType = sourcecode.c.h; path = YTResponseKeys.h; sourceTree = "<group>"; };
		BB135DA71BEDEBC300D50236 /* YTTagModel.h */ = {isa = PBXFileReference; fileEncoding = 4; lastKnownFileType = sourcecode.c.h; path = YTTagModel.h; sourceTree = "<group>"; };
		BB135DA81BEDEBC300D50236 /* YTTagModel.m */ = {isa = PBXFileReference; fileEncoding = 4; lastKnownFileType = sourcecode.c.objc; path = YTTagModel.m; sourceTree = "<group>"; };
		BB135DB01BEDEBFB00D50236 /* PickImageViewController.h */ = {isa = PBXFileReference; fileEncoding = 4; lastKnownFileType = sourcecode.c.h; path = PickImageViewController.h; sourceTree = "<group>"; };
		BB135DB11BEDEBFB00D50236 /* PickImageViewController.m */ = {isa = PBXFileReference; fileEncoding = 4; lastKnownFileType = sourcecode.c.objc; path = PickImageViewController.m; sourceTree = "<group>"; };
		BB135DB41BEDEC2900D50236 /* UIImage+OpenCV.h */ = {isa = PBXFileReference; fileEncoding = 4; lastKnownFileType = sourcecode.c.h; path = "UIImage+OpenCV.h"; sourceTree = "<group>"; };
		BB135DB51BEDEC2900D50236 /* UIImage+OpenCV.mm */ = {isa = PBXFileReference; fileEncoding = 4; lastKnownFileType = sourcecode.cpp.objcpp; path = "UIImage+OpenCV.mm"; sourceTree = "<group>"; };
		BB135E071BEE276C00D50236 /* BaseViewController.h */ = {isa = PBXFileReference; fileEncoding = 4; lastKnownFileType = sourcecode.c.h; path = BaseViewController.h; sourceTree = "<group>"; };
		BB135E081BEE276C00D50236 /* BaseViewController.m */ = {isa = PBXFileReference; fileEncoding = 4; lastKnownFileType = sourcecode.c.objc; path = BaseViewController.m; sourceTree = "<group>"; };
		BB135E0A1BEE279D00D50236 /* CardViewController.h */ = {isa = PBXFileReference; fileEncoding = 4; lastKnownFileType = sourcecode.c.h; path = CardViewController.h; sourceTree = "<group>"; };
		BB135E0B1BEE279D00D50236 /* CardViewController.m */ = {isa = PBXFileReference; fileEncoding = 4; lastKnownFileType = sourcecode.c.objc; path = CardViewController.m; sourceTree = "<group>"; };
		BB524AF31BEF17700059E120 /* card_res00.jpg */ = {isa = PBXFileReference; lastKnownFileType = image.jpeg; path = card_res00.jpg; sourceTree = "<group>"; };
		BB524AF41BEF17700059E120 /* card_res01.jpg */ = {isa = PBXFileReference; lastKnownFileType = image.jpeg; path = card_res01.jpg; sourceTree = "<group>"; };
		BB524AF51BEF17700059E120 /* card_res02.jpg */ = {isa = PBXFileReference; lastKnownFileType = image.jpeg; path = card_res02.jpg; sourceTree = "<group>"; };
		BB524AF61BEF17700059E120 /* card_res03.jpg */ = {isa = PBXFileReference; lastKnownFileType = image.jpeg; path = card_res03.jpg; sourceTree = "<group>"; };
		BB524AF71BEF17700059E120 /* card_res04.jpg */ = {isa = PBXFileReference; lastKnownFileType = image.jpeg; path = card_res04.jpg; sourceTree = "<group>"; };
		BB524AF81BEF17700059E120 /* card_res05.jpg */ = {isa = PBXFileReference; lastKnownFileType = image.jpeg; path = card_res05.jpg; sourceTree = "<group>"; };
		BB524AF91BEF17700059E120 /* card_res06.jpg */ = {isa = PBXFileReference; lastKnownFileType = image.jpeg; path = card_res06.jpg; sourceTree = "<group>"; };
		BB5E85B01BEEC6BC00049AF1 /* LookforView.h */ = {isa = PBXFileReference; fileEncoding = 4; lastKnownFileType = sourcecode.c.h; path = LookforView.h; sourceTree = "<group>"; };
		BB5E85B11BEEC6BC00049AF1 /* LookforView.m */ = {isa = PBXFileReference; fileEncoding = 4; lastKnownFileType = sourcecode.c.objc; path = LookforView.m; sourceTree = "<group>"; };
		BB5E85B41BEED7F500049AF1 /* enterhome.mp3 */ = {isa = PBXFileReference; lastKnownFileType = audio.mp3; path = enterhome.mp3; sourceTree = "<group>"; };
		BB5E85B51BEED7F500049AF1 /* fail.mp3 */ = {isa = PBXFileReference; lastKnownFileType = audio.mp3; path = fail.mp3; sourceTree = "<group>"; };
		BB5E85B61BEED7F500049AF1 /* owngoods.mp3 */ = {isa = PBXFileReference; lastKnownFileType = audio.mp3; path = owngoods.mp3; sourceTree = "<group>"; };
		BB5E85B71BEED7F500049AF1 /* success.mp3 */ = {isa = PBXFileReference; lastKnownFileType = audio.mp3; path = success.mp3; sourceTree = "<group>"; };
		BB5E85BC1BEEEFD300049AF1 /* MatchResultScene.h */ = {isa = PBXFileReference; fileEncoding = 4; lastKnownFileType = sourcecode.c.h; path = MatchResultScene.h; sourceTree = "<group>"; };
		BB5E85BD1BEEEFD300049AF1 /* MatchResultScene.m */ = {isa = PBXFileReference; fileEncoding = 4; lastKnownFileType = sourcecode.c.objc; path = MatchResultScene.m; sourceTree = "<group>"; };
		BB5E85BF1BEF023800049AF1 /* AudioToolbox.framework */ = {isa = PBXFileReference; lastKnownFileType = wrapper.framework; name = AudioToolbox.framework; path = System/Library/Frameworks/AudioToolbox.framework; sourceTree = SDKROOT; };
		BB5E85C11BEF024100049AF1 /* AVFoundation.framework */ = {isa = PBXFileReference; lastKnownFileType = wrapper.framework; name = AVFoundation.framework; path = System/Library/Frameworks/AVFoundation.framework; sourceTree = SDKROOT; };
		BB5E85C31BEF024D00049AF1 /* SystemConfiguration.framework */ = {isa = PBXFileReference; lastKnownFileType = wrapper.framework; name = SystemConfiguration.framework; path = System/Library/Frameworks/SystemConfiguration.framework; sourceTree = SDKROOT; };
		BB5E85C51BEF025600049AF1 /* Security.framework */ = {isa = PBXFileReference; lastKnownFileType = wrapper.framework; name = Security.framework; path = System/Library/Frameworks/Security.framework; sourceTree = SDKROOT; };
		BB5E85C71BEF025C00049AF1 /* CoreTelephony.framework */ = {isa = PBXFileReference; lastKnownFileType = wrapper.framework; name = CoreTelephony.framework; path = System/Library/Frameworks/CoreTelephony.framework; sourceTree = SDKROOT; };
		BB5E85C91BEF026A00049AF1 /* CoreLocation.framework */ = {isa = PBXFileReference; lastKnownFileType = wrapper.framework; name = CoreLocation.framework; path = System/Library/Frameworks/CoreLocation.framework; sourceTree = SDKROOT; };
		BB5E85CB1BEF027400049AF1 /* OpenGLES.framework */ = {isa = PBXFileReference; lastKnownFileType = wrapper.framework; name = OpenGLES.framework; path = System/Library/Frameworks/OpenGLES.framework; sourceTree = SDKROOT; };
		BB5E85CD1BEF027A00049AF1 /* CoreText.framework */ = {isa = PBXFileReference; lastKnownFileType = wrapper.framework; name = CoreText.framework; path = System/Library/Frameworks/CoreText.framework; sourceTree = SDKROOT; };
		BB5E85CF1BEF02A600049AF1 /* libBDVoiceRecognitionClient.a */ = {isa = PBXFileReference; lastKnownFileType = archive.ar; name = libBDVoiceRecognitionClient.a; path = "../../Downloads/Baidu-Voice-SDK-iOS-1.6.2/libBDVoiceRecognitionClient/libBDVoiceRecognitionClient.a"; sourceTree = "<group>"; };
		BBB608BD1BEE2E9D00A9B194 /* MASCompositeConstraint.h */ = {isa = PBXFileReference; fileEncoding = 4; lastKnownFileType = sourcecode.c.h; path = MASCompositeConstraint.h; sourceTree = "<group>"; };
		BBB608BE1BEE2E9D00A9B194 /* MASCompositeConstraint.m */ = {isa = PBXFileReference; fileEncoding = 4; lastKnownFileType = sourcecode.c.objc; path = MASCompositeConstraint.m; sourceTree = "<group>"; };
		BBB608BF1BEE2E9D00A9B194 /* MASConstraint+Private.h */ = {isa = PBXFileReference; fileEncoding = 4; lastKnownFileType = sourcecode.c.h; path = "MASConstraint+Private.h"; sourceTree = "<group>"; };
		BBB608C01BEE2E9D00A9B194 /* MASConstraint.h */ = {isa = PBXFileReference; fileEncoding = 4; lastKnownFileType = sourcecode.c.h; path = MASConstraint.h; sourceTree = "<group>"; };
		BBB608C11BEE2E9D00A9B194 /* MASConstraint.m */ = {isa = PBXFileReference; fileEncoding = 4; lastKnownFileType = sourcecode.c.objc; path = MASConstraint.m; sourceTree = "<group>"; };
		BBB608C21BEE2E9D00A9B194 /* MASConstraintMaker.h */ = {isa = PBXFileReference; fileEncoding = 4; lastKnownFileType = sourcecode.c.h; path = MASConstraintMaker.h; sourceTree = "<group>"; };
		BBB608C31BEE2E9D00A9B194 /* MASConstraintMaker.m */ = {isa = PBXFileReference; fileEncoding = 4; lastKnownFileType = sourcecode.c.objc; path = MASConstraintMaker.m; sourceTree = "<group>"; };
		BBB608C41BEE2E9D00A9B194 /* MASLayoutConstraint.h */ = {isa = PBXFileReference; fileEncoding = 4; lastKnownFileType = sourcecode.c.h; path = MASLayoutConstraint.h; sourceTree = "<group>"; };
		BBB608C51BEE2E9D00A9B194 /* MASLayoutConstraint.m */ = {isa = PBXFileReference; fileEncoding = 4; lastKnownFileType = sourcecode.c.objc; path = MASLayoutConstraint.m; sourceTree = "<group>"; };
		BBB608C61BEE2E9D00A9B194 /* Masonry.h */ = {isa = PBXFileReference; fileEncoding = 4; lastKnownFileType = sourcecode.c.h; path = Masonry.h; sourceTree = "<group>"; };
		BBB608C71BEE2E9D00A9B194 /* MASUtilities.h */ = {isa = PBXFileReference; fileEncoding = 4; lastKnownFileType = sourcecode.c.h; path = MASUtilities.h; sourceTree = "<group>"; };
		BBB608C81BEE2E9D00A9B194 /* MASViewAttribute.h */ = {isa = PBXFileReference; fileEncoding = 4; lastKnownFileType = sourcecode.c.h; path = MASViewAttribute.h; sourceTree = "<group>"; };
		BBB608C91BEE2E9D00A9B194 /* MASViewAttribute.m */ = {isa = PBXFileReference; fileEncoding = 4; lastKnownFileType = sourcecode.c.objc; path = MASViewAttribute.m; sourceTree = "<group>"; };
		BBB608CA1BEE2E9D00A9B194 /* MASViewConstraint.h */ = {isa = PBXFileReference; fileEncoding = 4; lastKnownFileType = sourcecode.c.h; path = MASViewConstraint.h; sourceTree = "<group>"; };
		BBB608CB1BEE2E9D00A9B194 /* MASViewConstraint.m */ = {isa = PBXFileReference; fileEncoding = 4; lastKnownFileType = sourcecode.c.objc; path = MASViewConstraint.m; sourceTree = "<group>"; };
		BBB608CC1BEE2E9D00A9B194 /* NSArray+MASAdditions.h */ = {isa = PBXFileReference; fileEncoding = 4; lastKnownFileType = sourcecode.c.h; path = "NSArray+MASAdditions.h"; sourceTree = "<group>"; };
		BBB608CD1BEE2E9D00A9B194 /* NSArray+MASAdditions.m */ = {isa = PBXFileReference; fileEncoding = 4; lastKnownFileType = sourcecode.c.objc; path = "NSArray+MASAdditions.m"; sourceTree = "<group>"; };
		BBB608CE1BEE2E9D00A9B194 /* NSArray+MASShorthandAdditions.h */ = {isa = PBXFileReference; fileEncoding = 4; lastKnownFileType = sourcecode.c.h; path = "NSArray+MASShorthandAdditions.h"; sourceTree = "<group>"; };
		BBB608CF1BEE2E9D00A9B194 /* NSLayoutConstraint+MASDebugAdditions.h */ = {isa = PBXFileReference; fileEncoding = 4; lastKnownFileType = sourcecode.c.h; path = "NSLayoutConstraint+MASDebugAdditions.h"; sourceTree = "<group>"; };
		BBB608D01BEE2E9D00A9B194 /* NSLayoutConstraint+MASDebugAdditions.m */ = {isa = PBXFileReference; fileEncoding = 4; lastKnownFileType = sourcecode.c.objc; path = "NSLayoutConstraint+MASDebugAdditions.m"; sourceTree = "<group>"; };
		BBB608D11BEE2E9D00A9B194 /* View+MASAdditions.h */ = {isa = PBXFileReference; fileEncoding = 4; lastKnownFileType = sourcecode.c.h; path = "View+MASAdditions.h"; sourceTree = "<group>"; };
		BBB608D21BEE2E9D00A9B194 /* View+MASAdditions.m */ = {isa = PBXFileReference; fileEncoding = 4; lastKnownFileType = sourcecode.c.objc; path = "View+MASAdditions.m"; sourceTree = "<group>"; };
		BBB608D31BEE2E9D00A9B194 /* View+MASShorthandAdditions.h */ = {isa = PBXFileReference; fileEncoding = 4; lastKnownFileType = sourcecode.c.h; path = "View+MASShorthandAdditions.h"; sourceTree = "<group>"; };
		BBB608D41BEE2E9D00A9B194 /* ViewController+MASAdditions.h */ = {isa = PBXFileReference; fileEncoding = 4; lastKnownFileType = sourcecode.c.h; path = "ViewController+MASAdditions.h"; sourceTree = "<group>"; };
		BBB608D51BEE2E9D00A9B194 /* ViewController+MASAdditions.m */ = {isa = PBXFileReference; fileEncoding = 4; lastKnownFileType = sourcecode.c.objc; path = "ViewController+MASAdditions.m"; sourceTree = "<group>"; };
		BBB608E11BEE3CD000A9B194 /* UIConstants.h */ = {isa = PBXFileReference; lastKnownFileType = sourcecode.c.h; path = UIConstants.h; sourceTree = "<group>"; };
		BBB608E21BEE3D7100A9B194 /* UIView+FrameAbout.h */ = {isa = PBXFileReference; fileEncoding = 4; lastKnownFileType = sourcecode.c.h; path = "UIView+FrameAbout.h"; sourceTree = "<group>"; };
		BBB608E31BEE3D7100A9B194 /* UIView+FrameAbout.m */ = {isa = PBXFileReference; fileEncoding = 4; lastKnownFileType = sourcecode.c.objc; path = "UIView+FrameAbout.m"; sourceTree = "<group>"; };
		BBB608E51BEE485300A9B194 /* NSString+Process.h */ = {isa = PBXFileReference; fileEncoding = 4; lastKnownFileType = sourcecode.c.h; path = "NSString+Process.h"; sourceTree = "<group>"; };
		BBB608E61BEE485300A9B194 /* NSString+Process.m */ = {isa = PBXFileReference; fileEncoding = 4; lastKnownFileType = sourcecode.c.objc; path = "NSString+Process.m"; sourceTree = "<group>"; };
		BBB608E91BEE4E3A00A9B194 /* NetworkManager.h */ = {isa = PBXFileReference; fileEncoding = 4; lastKnownFileType = sourcecode.c.h; path = NetworkManager.h; sourceTree = "<group>"; };
		BBB608EA1BEE4E3A00A9B194 /* NetworkManager.m */ = {isa = PBXFileReference; fileEncoding = 4; lastKnownFileType = sourcecode.c.objc; path = NetworkManager.m; sourceTree = "<group>"; };
		BBB608EC1BEE579C00A9B194 /* LookThroughCardViewController.h */ = {isa = PBXFileReference; fileEncoding = 4; lastKnownFileType = sourcecode.c.h; path = LookThroughCardViewController.h; sourceTree = "<group>"; };
		BBB608ED1BEE579C00A9B194 /* LookThroughCardViewController.m */ = {isa = PBXFileReference; fileEncoding = 4; lastKnownFileType = sourcecode.c.objc; path = LookThroughCardViewController.m; sourceTree = "<group>"; };
		BBB97FA41BEE6FEB00CEBEB9 /* UIImage+Resize.h */ = {isa = PBXFileReference; fileEncoding = 4; lastKnownFileType = sourcecode.c.h; path = "UIImage+Resize.h"; sourceTree = "<group>"; };
		BBB97FA51BEE6FEB00CEBEB9 /* UIImage+Resize.m */ = {isa = PBXFileReference; fileEncoding = 4; lastKnownFileType = sourcecode.c.objc; path = "UIImage+Resize.m"; sourceTree = "<group>"; };
		BBB97FA81BEE769800CEBEB9 /* HomeViewController.h */ = {isa = PBXFileReference; fileEncoding = 4; lastKnownFileType = sourcecode.c.h; path = HomeViewController.h; sourceTree = "<group>"; };
		BBB97FA91BEE769800CEBEB9 /* HomeViewController.m */ = {isa = PBXFileReference; fileEncoding = 4; lastKnownFileType = sourcecode.c.objc; path = HomeViewController.m; sourceTree = "<group>"; };
		BBB97FAC1BEE7FBC00CEBEB9 /* EnterViewController.h */ = {isa = PBXFileReference; fileEncoding = 4; lastKnownFileType = sourcecode.c.h; path = EnterViewController.h; sourceTree = "<group>"; };
		BBB97FAD1BEE7FBC00CEBEB9 /* EnterViewController.m */ = {isa = PBXFileReference; fileEncoding = 4; lastKnownFileType = sourcecode.c.objc; path = EnterViewController.m; sourceTree = "<group>"; };
		BBB97FAF1BEE871600CEBEB9 /* YQImagePageViewController.h */ = {isa = PBXFileReference; fileEncoding = 4; lastKnownFileType = sourcecode.c.h; path = YQImagePageViewController.h; sourceTree = "<group>"; };
		BBB97FB01BEE871600CEBEB9 /* YQImagePageViewController.m */ = {isa = PBXFileReference; fileEncoding = 4; lastKnownFileType = sourcecode.c.objc; path = YQImagePageViewController.m; sourceTree = "<group>"; };
		BBB97FB21BEE876B00CEBEB9 /* UIView+BGTouchView.h */ = {isa = PBXFileReference; fileEncoding = 4; lastKnownFileType = sourcecode.c.h; path = "UIView+BGTouchView.h"; sourceTree = "<group>"; };
		BBB97FB31BEE876B00CEBEB9 /* UIView+BGTouchView.m */ = {isa = PBXFileReference; fileEncoding = 4; lastKnownFileType = sourcecode.c.objc; path = "UIView+BGTouchView.m"; sourceTree = "<group>"; };
		BBB97FB61BEE881000CEBEB9 /* YQNotificationPoster.h */ = {isa = PBXFileReference; fileEncoding = 4; lastKnownFileType = sourcecode.c.h; path = YQNotificationPoster.h; sourceTree = "<group>"; };
		BBB97FB71BEE881000CEBEB9 /* YQNotificationPoster.m */ = {isa = PBXFileReference; fileEncoding = 4; lastKnownFileType = sourcecode.c.objc; path = YQNotificationPoster.m; sourceTree = "<group>"; };
		BBB97FB91BEE8A4C00CEBEB9 /* SpriteKit.framework */ = {isa = PBXFileReference; lastKnownFileType = wrapper.framework; name = SpriteKit.framework; path = System/Library/Frameworks/SpriteKit.framework; sourceTree = SDKROOT; };
		BBB97FBB1BEE8A8000CEBEB9 /* HomeScene.h */ = {isa = PBXFileReference; fileEncoding = 4; lastKnownFileType = sourcecode.c.h; path = HomeScene.h; sourceTree = "<group>"; };
		BBB97FBC1BEE8A8000CEBEB9 /* HomeScene.m */ = {isa = PBXFileReference; fileEncoding = 4; lastKnownFileType = sourcecode.c.objc; path = HomeScene.m; sourceTree = "<group>"; };
		BBB97FBE1BEE912900CEBEB9 /* CardView.h */ = {isa = PBXFileReference; fileEncoding = 4; lastKnownFileType = sourcecode.c.h; path = CardView.h; sourceTree = "<group>"; };
		BBB97FBF1BEE912900CEBEB9 /* CardView.m */ = {isa = PBXFileReference; fileEncoding = 4; lastKnownFileType = sourcecode.c.objc; path = CardView.m; sourceTree = "<group>"; };
/* End PBXFileReference section */

/* Begin PBXFrameworksBuildPhase section */
		BB135D5A1BEDEB4300D50236 /* Frameworks */ = {
			isa = PBXFrameworksBuildPhase;
			buildActionMask = 2147483647;
			files = (
				BB5E85CE1BEF027A00049AF1 /* CoreText.framework in Frameworks */,
				BB5E85CC1BEF027400049AF1 /* OpenGLES.framework in Frameworks */,
				BB5E85CA1BEF026A00049AF1 /* CoreLocation.framework in Frameworks */,
				BB5E85C81BEF025C00049AF1 /* CoreTelephony.framework in Frameworks */,
				BB5E85C61BEF025600049AF1 /* Security.framework in Frameworks */,
				BB5E85C41BEF024D00049AF1 /* SystemConfiguration.framework in Frameworks */,
				BB5E85C21BEF024100049AF1 /* AVFoundation.framework in Frameworks */,
				BB5E85C01BEF023800049AF1 /* AudioToolbox.framework in Frameworks */,
				BBB97FBA1BEE8A4C00CEBEB9 /* SpriteKit.framework in Frameworks */,
				BB135D971BEDEB7D00D50236 /* AssetsLibrary.framework in Frameworks */,
				BB135D941BEDEB6800D50236 /* opencv2.framework in Frameworks */,
			);
			runOnlyForDeploymentPostprocessing = 0;
		};
		BB135D731BEDEB4300D50236 /* Frameworks */ = {
			isa = PBXFrameworksBuildPhase;
			buildActionMask = 2147483647;
			files = (
			);
			runOnlyForDeploymentPostprocessing = 0;
		};
		BB135D7E1BEDEB4300D50236 /* Frameworks */ = {
			isa = PBXFrameworksBuildPhase;
			buildActionMask = 2147483647;
			files = (
			);
			runOnlyForDeploymentPostprocessing = 0;
		};
/* End PBXFrameworksBuildPhase section */

/* Begin PBXGroup section */
		BB135D541BEDEB4300D50236 = {
			isa = PBXGroup;
			children = (
				BB524AF21BEF17700059E120 /* CardResource */,
				BB5E85D11BEF036700049AF1 /* BaiduSDK */,
				BB5E85B31BEED7F400049AF1 /* audiofiles */,
				BBB97FB51BEE87EB00CEBEB9 /* Notification */,
				BBB97FAB1BEE7E4000CEBEB9 /* Enter */,
				BBB97FA71BEE761400CEBEB9 /* Home */,
				BBB608E81BEE4E0700A9B194 /* Network */,
				BBB608E01BEE3C9000A9B194 /* PCHHeaders */,
				BBB608BC1BEE2E9D00A9B194 /* Masonry */,
				BB135D951BEDEB6C00D50236 /* Frameworks */,
				BB135D5F1BEDEB4300D50236 /* WordRecognition */,
				BB135D791BEDEB4300D50236 /* WordRecognitionTests */,
				BB135D841BEDEB4300D50236 /* WordRecognitionUITests */,
				BB135D5E1BEDEB4300D50236 /* Products */,
			);
			sourceTree = "<group>";
		};
		BB135D5E1BEDEB4300D50236 /* Products */ = {
			isa = PBXGroup;
			children = (
				BB135D5D1BEDEB4300D50236 /* WordRecognition.app */,
				BB135D761BEDEB4300D50236 /* WordRecognitionTests.xctest */,
				BB135D811BEDEB4300D50236 /* WordRecognitionUITests.xctest */,
			);
			name = Products;
			sourceTree = "<group>";
		};
		BB135D5F1BEDEB4300D50236 /* WordRecognition */ = {
			isa = PBXGroup;
			children = (
				BB135E061BEE271400D50236 /* Card */,
				BB135DB31BEDEC1000D50236 /* Categories */,
				BB135DAF1BEDEBD500D50236 /* BaseClasses */,
				BB135D9A1BEDEBC300D50236 /* Youtu */,
				BB135DA31BEDEBC300D50236 /* YoutuExtensions */,
				BB135D631BEDEB4300D50236 /* AppDelegate.h */,
				BB135D641BEDEB4300D50236 /* AppDelegate.m */,
				BB135D661BEDEB4300D50236 /* ViewController.h */,
				BB135D671BEDEB4300D50236 /* ViewController.m */,
				BB135D691BEDEB4300D50236 /* Main.storyboard */,
				BB135D6C1BEDEB4300D50236 /* Assets.xcassets */,
				BB135D6E1BEDEB4300D50236 /* LaunchScreen.storyboard */,
				BB135D711BEDEB4300D50236 /* Info.plist */,
				BB135D991BEDEB9900D50236 /* WordRecognition-Prefix.pch */,
				BB135D601BEDEB4300D50236 /* Supporting Files */,
			);
			path = WordRecognition;
			sourceTree = "<group>";
		};
		BB135D601BEDEB4300D50236 /* Supporting Files */ = {
			isa = PBXGroup;
			children = (
				BB135D611BEDEB4300D50236 /* main.m */,
			);
			name = "Supporting Files";
			sourceTree = "<group>";
		};
		BB135D791BEDEB4300D50236 /* WordRecognitionTests */ = {
			isa = PBXGroup;
			children = (
				BB135D7A1BEDEB4300D50236 /* WordRecognitionTests.m */,
				BB135D7C1BEDEB4300D50236 /* Info.plist */,
			);
			path = WordRecognitionTests;
			sourceTree = "<group>";
		};
		BB135D841BEDEB4300D50236 /* WordRecognitionUITests */ = {
			isa = PBXGroup;
			children = (
				BB135D851BEDEB4300D50236 /* WordRecognitionUITests.m */,
				BB135D871BEDEB4300D50236 /* Info.plist */,
			);
			path = WordRecognitionUITests;
			sourceTree = "<group>";
		};
		BB135D951BEDEB6C00D50236 /* Frameworks */ = {
			isa = PBXGroup;
			children = (
				BB5E85CF1BEF02A600049AF1 /* libBDVoiceRecognitionClient.a */,
				BB5E85CD1BEF027A00049AF1 /* CoreText.framework */,
				BB5E85CB1BEF027400049AF1 /* OpenGLES.framework */,
				BB5E85C91BEF026A00049AF1 /* CoreLocation.framework */,
				BB5E85C71BEF025C00049AF1 /* CoreTelephony.framework */,
				BB5E85C51BEF025600049AF1 /* Security.framework */,
				BB5E85C31BEF024D00049AF1 /* SystemConfiguration.framework */,
				BB5E85C11BEF024100049AF1 /* AVFoundation.framework */,
				BB5E85BF1BEF023800049AF1 /* AudioToolbox.framework */,
				BBB97FB91BEE8A4C00CEBEB9 /* SpriteKit.framework */,
				BB135D961BEDEB7D00D50236 /* AssetsLibrary.framework */,
				BB135D931BEDEB6800D50236 /* opencv2.framework */,
			);
			name = Frameworks;
			sourceTree = "<group>";
		};
		BB135D9A1BEDEBC300D50236 /* Youtu */ = {
			isa = PBXGroup;
			children = (
				BB135D9B1BEDEBC300D50236 /* Auth.h */,
				BB135D9C1BEDEBC300D50236 /* Auth.m */,
				BB135D9D1BEDEBC300D50236 /* NSData+Base64.h */,
				BB135D9E1BEDEBC300D50236 /* NSData+Base64.m */,
				BB135D9F1BEDEBC300D50236 /* TXQcloudFrSDK.h */,
				BB135DA01BEDEBC300D50236 /* TXQcloudFrSDK.m */,
				BB135DA11BEDEBC300D50236 /* YTConfig.h */,
				BB135DA21BEDEBC300D50236 /* YTConfig.m */,
			);
			path = Youtu;
			sourceTree = "<group>";
		};
		BB135DA31BEDEBC300D50236 /* YoutuExtensions */ = {
			isa = PBXGroup;
			children = (
				BB135DA41BEDEBC300D50236 /* YTOperations.h */,
				BB135DA51BEDEBC300D50236 /* YTOperations.m */,
				BB135DA61BEDEBC300D50236 /* YTResponseKeys.h */,
				BB135DA71BEDEBC300D50236 /* YTTagModel.h */,
				BB135DA81BEDEBC300D50236 /* YTTagModel.m */,
			);
			path = YoutuExtensions;
			sourceTree = "<group>";
		};
		BB135DAF1BEDEBD500D50236 /* BaseClasses */ = {
			isa = PBXGroup;
			children = (
				BB135DB01BEDEBFB00D50236 /* PickImageViewController.h */,
				BB135DB11BEDEBFB00D50236 /* PickImageViewController.m */,
				BB135E071BEE276C00D50236 /* BaseViewController.h */,
				BB135E081BEE276C00D50236 /* BaseViewController.m */,
			);
			path = BaseClasses;
			sourceTree = "<group>";
		};
		BB135DB31BEDEC1000D50236 /* Categories */ = {
			isa = PBXGroup;
			children = (
				BBB97FB21BEE876B00CEBEB9 /* UIView+BGTouchView.h */,
				BBB97FB31BEE876B00CEBEB9 /* UIView+BGTouchView.m */,
				BBB608E21BEE3D7100A9B194 /* UIView+FrameAbout.h */,
				BBB608E31BEE3D7100A9B194 /* UIView+FrameAbout.m */,
				BB135DB41BEDEC2900D50236 /* UIImage+OpenCV.h */,
				BB135DB51BEDEC2900D50236 /* UIImage+OpenCV.mm */,
				BBB608E51BEE485300A9B194 /* NSString+Process.h */,
				BBB608E61BEE485300A9B194 /* NSString+Process.m */,
				BBB97FA41BEE6FEB00CEBEB9 /* UIImage+Resize.h */,
				BBB97FA51BEE6FEB00CEBEB9 /* UIImage+Resize.m */,
			);
			path = Categories;
			sourceTree = "<group>";
		};
		BB135E061BEE271400D50236 /* Card */ = {
			isa = PBXGroup;
			children = (
				BBB97FAF1BEE871600CEBEB9 /* YQImagePageViewController.h */,
				BBB97FB01BEE871600CEBEB9 /* YQImagePageViewController.m */,
				BB135E0A1BEE279D00D50236 /* CardViewController.h */,
				BB135E0B1BEE279D00D50236 /* CardViewController.m */,
				BBB608EC1BEE579C00A9B194 /* LookThroughCardViewController.h */,
				BBB608ED1BEE579C00A9B194 /* LookThroughCardViewController.m */,
				BBB97FBE1BEE912900CEBEB9 /* CardView.h */,
				BBB97FBF1BEE912900CEBEB9 /* CardView.m */,
			);
			path = Card;
			sourceTree = "<group>";
		};
		BB524AF21BEF17700059E120 /* CardResource */ = {
			isa = PBXGroup;
			children = (
				BB524AF31BEF17700059E120 /* card_res00.jpg */,
				BB524AF41BEF17700059E120 /* card_res01.jpg */,
				BB524AF51BEF17700059E120 /* card_res02.jpg */,
				BB524AF61BEF17700059E120 /* card_res03.jpg */,
				BB524AF71BEF17700059E120 /* card_res04.jpg */,
				BB524AF81BEF17700059E120 /* card_res05.jpg */,
				BB524AF91BEF17700059E120 /* card_res06.jpg */,
			);
			path = CardResource;
			sourceTree = "<group>";
		};
		BB5E85B31BEED7F400049AF1 /* audiofiles */ = {
			isa = PBXGroup;
			children = (
				BB5E85B41BEED7F500049AF1 /* enterhome.mp3 */,
				BB5E85B51BEED7F500049AF1 /* fail.mp3 */,
				BB5E85B61BEED7F500049AF1 /* owngoods.mp3 */,
				BB5E85B71BEED7F500049AF1 /* success.mp3 */,
			);
			path = audiofiles;
			sourceTree = "<group>";
		};
		BB5E85D11BEF036700049AF1 /* BaiduSDK */ = {
			isa = PBXGroup;
			children = (
			);
			path = BaiduSDK;
			sourceTree = "<group>";
		};
		BBB608BC1BEE2E9D00A9B194 /* Masonry */ = {
			isa = PBXGroup;
			children = (
				BBB608BD1BEE2E9D00A9B194 /* MASCompositeConstraint.h */,
				BBB608BE1BEE2E9D00A9B194 /* MASCompositeConstraint.m */,
				BBB608BF1BEE2E9D00A9B194 /* MASConstraint+Private.h */,
				BBB608C01BEE2E9D00A9B194 /* MASConstraint.h */,
				BBB608C11BEE2E9D00A9B194 /* MASConstraint.m */,
				BBB608C21BEE2E9D00A9B194 /* MASConstraintMaker.h */,
				BBB608C31BEE2E9D00A9B194 /* MASConstraintMaker.m */,
				BBB608C41BEE2E9D00A9B194 /* MASLayoutConstraint.h */,
				BBB608C51BEE2E9D00A9B194 /* MASLayoutConstraint.m */,
				BBB608C61BEE2E9D00A9B194 /* Masonry.h */,
				BBB608C71BEE2E9D00A9B194 /* MASUtilities.h */,
				BBB608C81BEE2E9D00A9B194 /* MASViewAttribute.h */,
				BBB608C91BEE2E9D00A9B194 /* MASViewAttribute.m */,
				BBB608CA1BEE2E9D00A9B194 /* MASViewConstraint.h */,
				BBB608CB1BEE2E9D00A9B194 /* MASViewConstraint.m */,
				BBB608CC1BEE2E9D00A9B194 /* NSArray+MASAdditions.h */,
				BBB608CD1BEE2E9D00A9B194 /* NSArray+MASAdditions.m */,
				BBB608CE1BEE2E9D00A9B194 /* NSArray+MASShorthandAdditions.h */,
				BBB608CF1BEE2E9D00A9B194 /* NSLayoutConstraint+MASDebugAdditions.h */,
				BBB608D01BEE2E9D00A9B194 /* NSLayoutConstraint+MASDebugAdditions.m */,
				BBB608D11BEE2E9D00A9B194 /* View+MASAdditions.h */,
				BBB608D21BEE2E9D00A9B194 /* View+MASAdditions.m */,
				BBB608D31BEE2E9D00A9B194 /* View+MASShorthandAdditions.h */,
				BBB608D41BEE2E9D00A9B194 /* ViewController+MASAdditions.h */,
				BBB608D51BEE2E9D00A9B194 /* ViewController+MASAdditions.m */,
			);
			path = Masonry;
			sourceTree = "<group>";
		};
		BBB608E01BEE3C9000A9B194 /* PCHHeaders */ = {
			isa = PBXGroup;
			children = (
				BBB608E11BEE3CD000A9B194 /* UIConstants.h */,
			);
			path = PCHHeaders;
			sourceTree = "<group>";
		};
		BBB608E81BEE4E0700A9B194 /* Network */ = {
			isa = PBXGroup;
			children = (
				BBB608E91BEE4E3A00A9B194 /* NetworkManager.h */,
				BBB608EA1BEE4E3A00A9B194 /* NetworkManager.m */,
			);
			path = Network;
			sourceTree = "<group>";
		};
		BBB97FA71BEE761400CEBEB9 /* Home */ = {
			isa = PBXGroup;
			children = (
				BBB97FA81BEE769800CEBEB9 /* HomeViewController.h */,
				BBB97FA91BEE769800CEBEB9 /* HomeViewController.m */,
				BBB97FBB1BEE8A8000CEBEB9 /* HomeScene.h */,
				BBB97FBC1BEE8A8000CEBEB9 /* HomeScene.m */,
				BB5E85B01BEEC6BC00049AF1 /* LookforView.h */,
				BB5E85B11BEEC6BC00049AF1 /* LookforView.m */,
				BB5E85BC1BEEEFD300049AF1 /* MatchResultScene.h */,
				BB5E85BD1BEEEFD300049AF1 /* MatchResultScene.m */,
			);
			path = Home;
			sourceTree = "<group>";
		};
		BBB97FAB1BEE7E4000CEBEB9 /* Enter */ = {
			isa = PBXGroup;
			children = (
				BBB97FAC1BEE7FBC00CEBEB9 /* EnterViewController.h */,
				BBB97FAD1BEE7FBC00CEBEB9 /* EnterViewController.m */,
			);
			path = Enter;
			sourceTree = "<group>";
		};
		BBB97FB51BEE87EB00CEBEB9 /* Notification */ = {
			isa = PBXGroup;
			children = (
				BBB97FB61BEE881000CEBEB9 /* YQNotificationPoster.h */,
				BBB97FB71BEE881000CEBEB9 /* YQNotificationPoster.m */,
			);
			path = Notification;
			sourceTree = "<group>";
		};
/* End PBXGroup section */

/* Begin PBXNativeTarget section */
		BB135D5C1BEDEB4300D50236 /* WordRecognition */ = {
			isa = PBXNativeTarget;
			buildConfigurationList = BB135D8A1BEDEB4300D50236 /* Build configuration list for PBXNativeTarget "WordRecognition" */;
			buildPhases = (
				BB135D591BEDEB4300D50236 /* Sources */,
				BB135D5A1BEDEB4300D50236 /* Frameworks */,
				BB135D5B1BEDEB4300D50236 /* Resources */,
			);
			buildRules = (
			);
			dependencies = (
			);
			name = WordRecognition;
			productName = WordRecognition;
			productReference = BB135D5D1BEDEB4300D50236 /* WordRecognition.app */;
			productType = "com.apple.product-type.application";
		};
		BB135D751BEDEB4300D50236 /* WordRecognitionTests */ = {
			isa = PBXNativeTarget;
			buildConfigurationList = BB135D8D1BEDEB4300D50236 /* Build configuration list for PBXNativeTarget "WordRecognitionTests" */;
			buildPhases = (
				BB135D721BEDEB4300D50236 /* Sources */,
				BB135D731BEDEB4300D50236 /* Frameworks */,
				BB135D741BEDEB4300D50236 /* Resources */,
			);
			buildRules = (
			);
			dependencies = (
				BB135D781BEDEB4300D50236 /* PBXTargetDependency */,
			);
			name = WordRecognitionTests;
			productName = WordRecognitionTests;
			productReference = BB135D761BEDEB4300D50236 /* WordRecognitionTests.xctest */;
			productType = "com.apple.product-type.bundle.unit-test";
		};
		BB135D801BEDEB4300D50236 /* WordRecognitionUITests */ = {
			isa = PBXNativeTarget;
			buildConfigurationList = BB135D901BEDEB4300D50236 /* Build configuration list for PBXNativeTarget "WordRecognitionUITests" */;
			buildPhases = (
				BB135D7D1BEDEB4300D50236 /* Sources */,
				BB135D7E1BEDEB4300D50236 /* Frameworks */,
				BB135D7F1BEDEB4300D50236 /* Resources */,
			);
			buildRules = (
			);
			dependencies = (
				BB135D831BEDEB4300D50236 /* PBXTargetDependency */,
			);
			name = WordRecognitionUITests;
			productName = WordRecognitionUITests;
			productReference = BB135D811BEDEB4300D50236 /* WordRecognitionUITests.xctest */;
			productType = "com.apple.product-type.bundle.ui-testing";
		};
/* End PBXNativeTarget section */

/* Begin PBXProject section */
		BB135D551BEDEB4300D50236 /* Project object */ = {
			isa = PBXProject;
			attributes = {
				LastUpgradeCheck = 0710;
				ORGANIZATIONNAME = "陈颖鹏";
				TargetAttributes = {
					BB135D5C1BEDEB4300D50236 = {
						CreatedOnToolsVersion = 7.1;
						DevelopmentTeam = T97FFXXX75;
					};
					BB135D751BEDEB4300D50236 = {
						CreatedOnToolsVersion = 7.1;
						TestTargetID = BB135D5C1BEDEB4300D50236;
					};
					BB135D801BEDEB4300D50236 = {
						CreatedOnToolsVersion = 7.1;
						TestTargetID = BB135D5C1BEDEB4300D50236;
					};
				};
			};
			buildConfigurationList = BB135D581BEDEB4300D50236 /* Build configuration list for PBXProject "WordRecognition" */;
			compatibilityVersion = "Xcode 3.2";
			developmentRegion = English;
			hasScannedForEncodings = 0;
			knownRegions = (
				en,
				Base,
			);
			mainGroup = BB135D541BEDEB4300D50236;
			productRefGroup = BB135D5E1BEDEB4300D50236 /* Products */;
			projectDirPath = "";
			projectRoot = "";
			targets = (
				BB135D5C1BEDEB4300D50236 /* WordRecognition */,
				BB135D751BEDEB4300D50236 /* WordRecognitionTests */,
				BB135D801BEDEB4300D50236 /* WordRecognitionUITests */,
			);
		};
/* End PBXProject section */

/* Begin PBXResourcesBuildPhase section */
		BB135D5B1BEDEB4300D50236 /* Resources */ = {
			isa = PBXResourcesBuildPhase;
			buildActionMask = 2147483647;
			files = (
				BB524AFE1BEF17700059E120 /* card_res04.jpg in Resources */,
				BB524AFC1BEF17700059E120 /* card_res02.jpg in Resources */,
				BB524AFF1BEF17700059E120 /* card_res05.jpg in Resources */,
				BB524AFB1BEF17700059E120 /* card_res01.jpg in Resources */,
				BB5E85BA1BEED7F500049AF1 /* owngoods.mp3 in Resources */,
				BB135D701BEDEB4300D50236 /* LaunchScreen.storyboard in Resources */,
				BB5E85B91BEED7F500049AF1 /* fail.mp3 in Resources */,
				BB524AFD1BEF17700059E120 /* card_res03.jpg in Resources */,
				BB524B001BEF17700059E120 /* card_res06.jpg in Resources */,
				BB135D6D1BEDEB4300D50236 /* Assets.xcassets in Resources */,
				BB524AFA1BEF17700059E120 /* card_res00.jpg in Resources */,
				BB5E85BB1BEED7F500049AF1 /* success.mp3 in Resources */,
				BB5E85B81BEED7F500049AF1 /* enterhome.mp3 in Resources */,
				BB135D6B1BEDEB4300D50236 /* Main.storyboard in Resources */,
			);
			runOnlyForDeploymentPostprocessing = 0;
		};
		BB135D741BEDEB4300D50236 /* Resources */ = {
			isa = PBXResourcesBuildPhase;
			buildActionMask = 2147483647;
			files = (
			);
			runOnlyForDeploymentPostprocessing = 0;
		};
		BB135D7F1BEDEB4300D50236 /* Resources */ = {
			isa = PBXResourcesBuildPhase;
			buildActionMask = 2147483647;
			files = (
			);
			runOnlyForDeploymentPostprocessing = 0;
		};
/* End PBXResourcesBuildPhase section */

/* Begin PBXSourcesBuildPhase section */
		BB135D591BEDEB4300D50236 /* Sources */ = {
			isa = PBXSourcesBuildPhase;
			buildActionMask = 2147483647;
			files = (
				BBB608E41BEE3D7100A9B194 /* UIView+FrameAbout.m in Sources */,
				BB135D681BEDEB4300D50236 /* ViewController.m in Sources */,
				BBB608EB1BEE4E3A00A9B194 /* NetworkManager.m in Sources */,
				BB135E091BEE276C00D50236 /* BaseViewController.m in Sources */,
				BBB608DD1BEE2E9D00A9B194 /* NSLayoutConstraint+MASDebugAdditions.m in Sources */,
				BB135D651BEDEB4300D50236 /* AppDelegate.m in Sources */,
				BB5E85BE1BEEEFD300049AF1 /* MatchResultScene.m in Sources */,
				BBB97FAA1BEE769800CEBEB9 /* HomeViewController.m in Sources */,
				BBB608DB1BEE2E9D00A9B194 /* MASViewConstraint.m in Sources */,
				BBB608EE1BEE579C00A9B194 /* LookThroughCardViewController.m in Sources */,
				BBB97FBD1BEE8A8000CEBEB9 /* HomeScene.m in Sources */,
				BB135DAD1BEDEBC300D50236 /* YTOperations.m in Sources */,
				BBB608DE1BEE2E9D00A9B194 /* View+MASAdditions.m in Sources */,
				BBB97FB81BEE881000CEBEB9 /* YQNotificationPoster.m in Sources */,
				BB135DAC1BEDEBC300D50236 /* YTConfig.m in Sources */,
				BBB608E71BEE485300A9B194 /* NSString+Process.m in Sources */,
				BBB97FAE1BEE7FBC00CEBEB9 /* EnterViewController.m in Sources */,
				BBB608DA1BEE2E9D00A9B194 /* MASViewAttribute.m in Sources */,
				BBB97FA61BEE6FEB00CEBEB9 /* UIImage+Resize.m in Sources */,
				BBB608D81BEE2E9D00A9B194 /* MASConstraintMaker.m in Sources */,
				BB135DAA1BEDEBC300D50236 /* NSData+Base64.m in Sources */,
				BB135DAE1BEDEBC300D50236 /* YTTagModel.m in Sources */,
				BB135D621BEDEB4300D50236 /* main.m in Sources */,
				BBB608DF1BEE2E9D00A9B194 /* ViewController+MASAdditions.m in Sources */,
				BB135DAB1BEDEBC300D50236 /* TXQcloudFrSDK.m in Sources */,
				BBB608DC1BEE2E9D00A9B194 /* NSArray+MASAdditions.m in Sources */,
				BB135DA91BEDEBC300D50236 /* Auth.m in Sources */,
				BBB97FB11BEE871600CEBEB9 /* YQImagePageViewController.m in Sources */,
				BBB97FC01BEE912900CEBEB9 /* CardView.m in Sources */,
				BBB608D91BEE2E9D00A9B194 /* MASLayoutConstraint.m in Sources */,
				BBB97FB41BEE876B00CEBEB9 /* UIView+BGTouchView.m in Sources */,
				BBB608D61BEE2E9D00A9B194 /* MASCompositeConstraint.m in Sources */,
				BB5E85B21BEEC6BC00049AF1 /* LookforView.m in Sources */,
				BB135E0C1BEE279D00D50236 /* CardViewController.m in Sources */,
				BB135DB21BEDEBFB00D50236 /* PickImageViewController.m in Sources */,
				BB135DB61BEDEC2900D50236 /* UIImage+OpenCV.mm in Sources */,
				BBB608D71BEE2E9D00A9B194 /* MASConstraint.m in Sources */,
			);
			runOnlyForDeploymentPostprocessing = 0;
		};
		BB135D721BEDEB4300D50236 /* Sources */ = {
			isa = PBXSourcesBuildPhase;
			buildActionMask = 2147483647;
			files = (
				BB135D7B1BEDEB4300D50236 /* WordRecognitionTests.m in Sources */,
			);
			runOnlyForDeploymentPostprocessing = 0;
		};
		BB135D7D1BEDEB4300D50236 /* Sources */ = {
			isa = PBXSourcesBuildPhase;
			buildActionMask = 2147483647;
			files = (
				BB135D861BEDEB4300D50236 /* WordRecognitionUITests.m in Sources */,
			);
			runOnlyForDeploymentPostprocessing = 0;
		};
/* End PBXSourcesBuildPhase section */

/* Begin PBXTargetDependency section */
		BB135D781BEDEB4300D50236 /* PBXTargetDependency */ = {
			isa = PBXTargetDependency;
			target = BB135D5C1BEDEB4300D50236 /* WordRecognition */;
			targetProxy = BB135D771BEDEB4300D50236 /* PBXContainerItemProxy */;
		};
		BB135D831BEDEB4300D50236 /* PBXTargetDependency */ = {
			isa = PBXTargetDependency;
			target = BB135D5C1BEDEB4300D50236 /* WordRecognition */;
			targetProxy = BB135D821BEDEB4300D50236 /* PBXContainerItemProxy */;
		};
/* End PBXTargetDependency section */

/* Begin PBXVariantGroup section */
		BB135D691BEDEB4300D50236 /* Main.storyboard */ = {
			isa = PBXVariantGroup;
			children = (
				BB135D6A1BEDEB4300D50236 /* Base */,
			);
			name = Main.storyboard;
			sourceTree = "<group>";
		};
		BB135D6E1BEDEB4300D50236 /* LaunchScreen.storyboard */ = {
			isa = PBXVariantGroup;
			children = (
				BB135D6F1BEDEB4300D50236 /* Base */,
			);
			name = LaunchScreen.storyboard;
			sourceTree = "<group>";
		};
/* End PBXVariantGroup section */

/* Begin XCBuildConfiguration section */
		BB135D881BEDEB4300D50236 /* Debug */ = {
			isa = XCBuildConfiguration;
			buildSettings = {
				ALWAYS_SEARCH_USER_PATHS = NO;
				CLANG_CXX_LANGUAGE_STANDARD = "gnu++0x";
				CLANG_CXX_LIBRARY = "libc++";
				CLANG_ENABLE_MODULES = YES;
				CLANG_ENABLE_OBJC_ARC = YES;
				CLANG_WARN_BOOL_CONVERSION = YES;
				CLANG_WARN_CONSTANT_CONVERSION = YES;
				CLANG_WARN_DIRECT_OBJC_ISA_USAGE = YES_ERROR;
				CLANG_WARN_EMPTY_BODY = YES;
				CLANG_WARN_ENUM_CONVERSION = YES;
				CLANG_WARN_INT_CONVERSION = YES;
				CLANG_WARN_OBJC_ROOT_CLASS = YES_ERROR;
				CLANG_WARN_UNREACHABLE_CODE = YES;
				CLANG_WARN__DUPLICATE_METHOD_MATCH = YES;
				"CODE_SIGN_IDENTITY[sdk=iphoneos*]" = "iPhone Developer";
				COPY_PHASE_STRIP = NO;
				DEBUG_INFORMATION_FORMAT = dwarf;
				ENABLE_STRICT_OBJC_MSGSEND = YES;
				ENABLE_TESTABILITY = YES;
				GCC_C_LANGUAGE_STANDARD = gnu99;
				GCC_DYNAMIC_NO_PIC = NO;
				GCC_NO_COMMON_BLOCKS = YES;
				GCC_OPTIMIZATION_LEVEL = 0;
				GCC_PREPROCESSOR_DEFINITIONS = (
					"DEBUG=1",
					"$(inherited)",
				);
				GCC_WARN_64_TO_32_BIT_CONVERSION = YES;
				GCC_WARN_ABOUT_RETURN_TYPE = YES_ERROR;
				GCC_WARN_UNDECLARED_SELECTOR = YES;
				GCC_WARN_UNINITIALIZED_AUTOS = YES_AGGRESSIVE;
				GCC_WARN_UNUSED_FUNCTION = YES;
				GCC_WARN_UNUSED_VARIABLE = YES;
				IPHONEOS_DEPLOYMENT_TARGET = 9.1;
				MTL_ENABLE_DEBUG_INFO = YES;
				ONLY_ACTIVE_ARCH = YES;
				SDKROOT = iphoneos;
			};
			name = Debug;
		};
		BB135D891BEDEB4300D50236 /* Release */ = {
			isa = XCBuildConfiguration;
			buildSettings = {
				ALWAYS_SEARCH_USER_PATHS = NO;
				CLANG_CXX_LANGUAGE_STANDARD = "gnu++0x";
				CLANG_CXX_LIBRARY = "libc++";
				CLANG_ENABLE_MODULES = YES;
				CLANG_ENABLE_OBJC_ARC = YES;
				CLANG_WARN_BOOL_CONVERSION = YES;
				CLANG_WARN_CONSTANT_CONVERSION = YES;
				CLANG_WARN_DIRECT_OBJC_ISA_USAGE = YES_ERROR;
				CLANG_WARN_EMPTY_BODY = YES;
				CLANG_WARN_ENUM_CONVERSION = YES;
				CLANG_WARN_INT_CONVERSION = YES;
				CLANG_WARN_OBJC_ROOT_CLASS = YES_ERROR;
				CLANG_WARN_UNREACHABLE_CODE = YES;
				CLANG_WARN__DUPLICATE_METHOD_MATCH = YES;
				"CODE_SIGN_IDENTITY[sdk=iphoneos*]" = "iPhone Developer";
				COPY_PHASE_STRIP = NO;
				DEBUG_INFORMATION_FORMAT = "dwarf-with-dsym";
				ENABLE_NS_ASSERTIONS = NO;
				ENABLE_STRICT_OBJC_MSGSEND = YES;
				GCC_C_LANGUAGE_STANDARD = gnu99;
				GCC_NO_COMMON_BLOCKS = YES;
				GCC_WARN_64_TO_32_BIT_CONVERSION = YES;
				GCC_WARN_ABOUT_RETURN_TYPE = YES_ERROR;
				GCC_WARN_UNDECLARED_SELECTOR = YES;
				GCC_WARN_UNINITIALIZED_AUTOS = YES_AGGRESSIVE;
				GCC_WARN_UNUSED_FUNCTION = YES;
				GCC_WARN_UNUSED_VARIABLE = YES;
				IPHONEOS_DEPLOYMENT_TARGET = 9.1;
				MTL_ENABLE_DEBUG_INFO = NO;
				SDKROOT = iphoneos;
				VALIDATE_PRODUCT = YES;
			};
			name = Release;
		};
		BB135D8B1BEDEB4300D50236 /* Debug */ = {
			isa = XCBuildConfiguration;
			buildSettings = {
				ASSETCATALOG_COMPILER_APPICON_NAME = AppIcon;
				ASSETCATALOG_COMPILER_LAUNCHIMAGE_NAME = "Brand Assets";
				CODE_SIGN_IDENTITY = "iPhone Developer";
				ENABLE_BITCODE = NO;
				FRAMEWORK_SEARCH_PATHS = (
					"$(inherited)",
					"$(PROJECT_DIR)",
				);
				GCC_PREFIX_HEADER = "WordRecognition/WordRecognition-Prefix.pch";
				INFOPLIST_FILE = WordRecognition/Info.plist;
				IPHONEOS_DEPLOYMENT_TARGET = 8.0;
				LD_RUNPATH_SEARCH_PATHS = "$(inherited) @executable_path/Frameworks";
				LIBRARY_SEARCH_PATHS = (
					"$(inherited)",
					"$(PROJECT_DIR)/BaiduSDK/libBDVoiceRecognitionClient",
				);
				PRODUCT_BUNDLE_IDENTIFIER = com.hustunique.WordRecognition;
				PRODUCT_NAME = "$(TARGET_NAME)";
			};
			name = Debug;
		};
		BB135D8C1BEDEB4300D50236 /* Release */ = {
			isa = XCBuildConfiguration;
			buildSettings = {
				ASSETCATALOG_COMPILER_APPICON_NAME = AppIcon;
				ASSETCATALOG_COMPILER_LAUNCHIMAGE_NAME = "Brand Assets";
				CODE_SIGN_IDENTITY = "iPhone Developer";
				ENABLE_BITCODE = NO;
				FRAMEWORK_SEARCH_PATHS = (
					"$(inherited)",
					"$(PROJECT_DIR)",
				);
				GCC_PREFIX_HEADER = "WordRecognition/WordRecognition-Prefix.pch";
				INFOPLIST_FILE = WordRecognition/Info.plist;
				IPHONEOS_DEPLOYMENT_TARGET = 8.0;
				LD_RUNPATH_SEARCH_PATHS = "$(inherited) @executable_path/Frameworks";
				LIBRARY_SEARCH_PATHS = (
					"$(inherited)",
					"$(PROJECT_DIR)/BaiduSDK/libBDVoiceRecognitionClient",
				);
				PRODUCT_BUNDLE_IDENTIFIER = com.hustunique.WordRecognition;
				PRODUCT_NAME = "$(TARGET_NAME)";
			};
			name = Release;
		};
		BB135D8E1BEDEB4300D50236 /* Debug */ = {
			isa = XCBuildConfiguration;
			buildSettings = {
				BUNDLE_LOADER = "$(TEST_HOST)";
				INFOPLIST_FILE = WordRecognitionTests/Info.plist;
				LD_RUNPATH_SEARCH_PATHS = "$(inherited) @executable_path/Frameworks @loader_path/Frameworks";
				PRODUCT_BUNDLE_IDENTIFIER = com.hustunique.WordRecognitionTests;
				PRODUCT_NAME = "$(TARGET_NAME)";
				TEST_HOST = "$(BUILT_PRODUCTS_DIR)/WordRecognition.app/WordRecognition";
			};
			name = Debug;
		};
		BB135D8F1BEDEB4300D50236 /* Release */ = {
			isa = XCBuildConfiguration;
			buildSettings = {
				BUNDLE_LOADER = "$(TEST_HOST)";
				INFOPLIST_FILE = WordRecognitionTests/Info.plist;
				LD_RUNPATH_SEARCH_PATHS = "$(inherited) @executable_path/Frameworks @loader_path/Frameworks";
				PRODUCT_BUNDLE_IDENTIFIER = com.hustunique.WordRecognitionTests;
				PRODUCT_NAME = "$(TARGET_NAME)";
				TEST_HOST = "$(BUILT_PRODUCTS_DIR)/WordRecognition.app/WordRecognition";
			};
			name = Release;
		};
		BB135D911BEDEB4300D50236 /* Debug */ = {
			isa = XCBuildConfiguration;
			buildSettings = {
				INFOPLIST_FILE = WordRecognitionUITests/Info.plist;
				LD_RUNPATH_SEARCH_PATHS = "$(inherited) @executable_path/Frameworks @loader_path/Frameworks";
				PRODUCT_BUNDLE_IDENTIFIER = com.hustunique.WordRecognitionUITests;
				PRODUCT_NAME = "$(TARGET_NAME)";
				TEST_TARGET_NAME = WordRecognition;
				USES_XCTRUNNER = YES;
			};
			name = Debug;
		};
		BB135D921BEDEB4300D50236 /* Release */ = {
			isa = XCBuildConfiguration;
			buildSettings = {
				INFOPLIST_FILE = WordRecognitionUITests/Info.plist;
				LD_RUNPATH_SEARCH_PATHS = "$(inherited) @executable_path/Frameworks @loader_path/Frameworks";
				PRODUCT_BUNDLE_IDENTIFIER = com.hustunique.WordRecognitionUITests;
				PRODUCT_NAME = "$(TARGET_NAME)";
				TEST_TARGET_NAME = WordRecognition;
				USES_XCTRUNNER = YES;
			};
			name = Release;
		};
/* End XCBuildConfiguration section */

/* Begin XCConfigurationList section */
		BB135D581BEDEB4300D50236 /* Build configuration list for PBXProject "WordRecognition" */ = {
			isa = XCConfigurationList;
			buildConfigurations = (
				BB135D881BEDEB4300D50236 /* Debug */,
				BB135D891BEDEB4300D50236 /* Release */,
			);
			defaultConfigurationIsVisible = 0;
			defaultConfigurationName = Release;
		};
		BB135D8A1BEDEB4300D50236 /* Build configuration list for PBXNativeTarget "WordRecognition" */ = {
			isa = XCConfigurationList;
			buildConfigurations = (
				BB135D8B1BEDEB4300D50236 /* Debug */,
				BB135D8C1BEDEB4300D50236 /* Release */,
			);
			defaultConfigurationIsVisible = 0;
			defaultConfigurationName = Release;
		};
		BB135D8D1BEDEB4300D50236 /* Build configuration list for PBXNativeTarget "WordRecognitionTests" */ = {
			isa = XCConfigurationList;
			buildConfigurations = (
				BB135D8E1BEDEB4300D50236 /* Debug */,
				BB135D8F1BEDEB4300D50236 /* Release */,
			);
			defaultConfigurationIsVisible = 0;
			defaultConfigurationName = Release;
		};
		BB135D901BEDEB4300D50236 /* Build configuration list for PBXNativeTarget "WordRecognitionUITests" */ = {
			isa = XCConfigurationList;
			buildConfigurations = (
				BB135D911BEDEB4300D50236 /* Debug */,
				BB135D921BEDEB4300D50236 /* Release */,
			);
			defaultConfigurationIsVisible = 0;
			defaultConfigurationName = Release;
		};
/* End XCConfigurationList section */
	};
	rootObject = BB135D551BEDEB4300D50236 /* Project object */;
}
